// !$*UTF8*$!
{
	archiveVersion = 1;
	classes = {
	};
	objectVersion = 46;
	objects = {

/* Begin PBXBuildFile section */
		B06EA63F6EA34C03AB9C9B6A /* libPods.a in Frameworks */ = {isa = PBXBuildFile; fileRef = 1381EE06ED874D8C96CB5F42 /* libPods.a */; };
		B680D0095EF26314876B8323 /* HDWURLBuilder.m in Sources */ = {isa = PBXBuildFile; fileRef = B680D1E16D0E7ABF90B210C5 /* HDWURLBuilder.m */; };
		B680D0BEC94B77163C5647D6 /* icon_50x50.png in Resources */ = {isa = PBXBuildFile; fileRef = B680DC947B5A123FF4391A49 /* icon_50x50.png */; };
		B680D0D36EC7DA5EEB238374 /* BinaryChunksParser.mm in Sources */ = {isa = PBXBuildFile; fileRef = B680D478A84714C256F9D202 /* BinaryChunksParser.mm */; };
		B680D118321C51092B934446 /* Default.png in Resources */ = {isa = PBXBuildFile; fileRef = B680DE5C9FF1EE66A1B57E42 /* Default.png */; };
		B680D12339071F8637E121DA /* camera_offline.png in Resources */ = {isa = PBXBuildFile; fileRef = B680D3059B048B3B0C51AA10 /* camera_offline.png */; };
		B680D124E27AC0B85B8CF957 /* Localizable.strings in Resources */ = {isa = PBXBuildFile; fileRef = B680D2CB757A81BAD7AEA99B /* Localizable.strings */; };
		B680D18D257D40460E9FF5D2 /* HDWLegacyStreamParser.m in Sources */ = {isa = PBXBuildFile; fileRef = B680DE6EF316A3C41C4157E7 /* HDWLegacyStreamParser.m */; };
		B680D19B2CF2EF1137AE7969 /* HDWJSONProtocolImpl.m in Sources */ = {isa = PBXBuildFile; fileRef = B680D8865FA1A61BE177C368 /* HDWJSONProtocolImpl.m */; };
		B680D1A72A36FF242C9223B9 /* icon_1024x1024.png in Resources */ = {isa = PBXBuildFile; fileRef = B680D07624740BF4C8A6A00F /* icon_1024x1024.png */; };
		B680D1E97BFE33A0E332B1AE /* OVTPlayerLayerView.m in Sources */ = {isa = PBXBuildFile; fileRef = B680D82C68FAE596A1E7377C /* OVTPlayerLayerView.m */; };
		B680D21DE57FA5C7FF678AB0 /* HDWDetailViewController.m in Sources */ = {isa = PBXBuildFile; fileRef = B680DAF43FA9A7829160AB0E /* HDWDetailViewController.m */; };
		B680D22567B75AA63E0AB5A4 /* HDWLiveStreamingViewAdapter.m in Sources */ = {isa = PBXBuildFile; fileRef = B680DC038340A4C8536A0C13 /* HDWLiveStreamingViewAdapter.m */; };
		B680D228471D46D778616431 /* server_offline.png in Resources */ = {isa = PBXBuildFile; fileRef = B680DDD3D20BFC90809310D8 /* server_offline.png */; };
		B680D23FC43A7481F9DB43EA /* icon_40x40.png in Resources */ = {isa = PBXBuildFile; fileRef = B680DC6CFF05B37E0362D245 /* icon_40x40.png */; };
		B680D254A3168E49DC5D37B7 /* Default-Landscape@2x~ipad.png in Resources */ = {isa = PBXBuildFile; fileRef = B680D303AF662BF08B5BDCAC /* Default-Landscape@2x~ipad.png */; };
		B680D2A57A9BFA8D193038CA /* gears.png in Resources */ = {isa = PBXBuildFile; fileRef = B680D54577E34BB2AD5ADFF1 /* gears.png */; };
		B680D2C09D3211007150B4EF /* Setting.pb.m in Sources */ = {isa = PBXBuildFile; fileRef = B680D3FA2940E2A6A1BE22E2 /* Setting.pb.m */; settings = {COMPILER_FLAGS = "-w"; }; };
		B680D2F0A76ABC240B9A6781 /* icon_57x57.png in Resources */ = {isa = PBXBuildFile; fileRef = B680DBC785BE5B9A889650B5 /* icon_57x57.png */; };
		B680D30DFA8E4DDF1352E808 /* Default@2x.png in Resources */ = {isa = PBXBuildFile; fileRef = B680D7E3245D0463FACB01A0 /* Default@2x.png */; };
		B680D35848622FB6F1A8FC45 /* HDWModelVisibilityVisitor.m in Sources */ = {isa = PBXBuildFile; fileRef = B680D22B8966BBF3125A0009 /* HDWModelVisibilityVisitor.m */; };
		B680D3CCD9E5478E72F7F5F5 /* icon_512x512.png in Resources */ = {isa = PBXBuildFile; fileRef = B680DD66F15D4FE85D4EA193 /* icon_512x512.png */; };
		B680D3E7A16C78F6D4753C37 /* Default2-Portrait@2x~ipad.png in Resources */ = {isa = PBXBuildFile; fileRef = B680D84215C2D80478099ECF /* Default2-Portrait@2x~ipad.png */; };
		B680D3F7ABA235B463FDE414 /* icon_76x76.png in Resources */ = {isa = PBXBuildFile; fileRef = B680D2B254A85D0B6AB0732F /* icon_76x76.png */; };
		B680D45E42ED288DA273843F /* Default-Portrait~ipad.png in Resources */ = {isa = PBXBuildFile; fileRef = B680DBD3D94A571E5F2A3A8B /* Default-Portrait~ipad.png */; };
		B680D487EFA88C6104B18276 /* NSString+OptixAdditions.m in Sources */ = {isa = PBXBuildFile; fileRef = B680D94ED34579A4697EE925 /* NSString+OptixAdditions.m */; };
		B680D49021F5BC51B6455AAA /* HDWCalendarViewController.m in Sources */ = {isa = PBXBuildFile; fileRef = B680DCAA45E5A5A8A1579A10 /* HDWCalendarViewController.m */; };
		B680D4B67C1FADABC910599A /* Default2-Landscape~ipad.png in Resources */ = {isa = PBXBuildFile; fileRef = B680DDD506350B41490F8B5A /* Default2-Landscape~ipad.png */; };
		B680D50F931D958F37E079B5 /* camera_unauthorized.png in Resources */ = {isa = PBXBuildFile; fileRef = B680D361C197425AAF138346 /* camera_unauthorized.png */; };
		B680D51D3513CAFB659122E1 /* BusinessAction.pb.m in Sources */ = {isa = PBXBuildFile; fileRef = B680DF43CFFA4B6C2501D1F9 /* BusinessAction.pb.m */; settings = {COMPILER_FLAGS = "-w"; }; };
		B680D562CD17F0F4AED69F4E /* HDWEventSource.m in Sources */ = {isa = PBXBuildFile; fileRef = B680DC35024A6A000C3FD954 /* HDWEventSource.m */; };
		B680D57D18FE9D7F1E98F876 /* server.png in Resources */ = {isa = PBXBuildFile; fileRef = B680D9369845A3152133E456 /* server.png */; };
		B680D590080DBDD950990ACC /* HDWCompatibilityItems.m in Sources */ = {isa = PBXBuildFile; fileRef = B680D99D7AAC42BE40DC4478 /* HDWCompatibilityItems.m */; };
		B680D606ACC57A0F8F4B668F /* HDWModelEvent.m in Sources */ = {isa = PBXBuildFile; fileRef = B680D834E89248EACF7661E9 /* HDWModelEvent.m */; };
		B680D613BFEBC9472CED8C02 /* icon_120x120.png in Resources */ = {isa = PBXBuildFile; fileRef = B680DEE134612CB7CE37F399 /* icon_120x120.png */; };
		B680D620B6867D0D5543A5AC /* HDWPB2ProtocolImpl.m in Sources */ = {isa = PBXBuildFile; fileRef = B680D5ACA95E4D0158DDEDAD /* HDWPB2ProtocolImpl.m */; };
		B680D6260059584202A429C9 /* Layout.pb.m in Sources */ = {isa = PBXBuildFile; fileRef = B680D55D0F88880B099BF854 /* Layout.pb.m */; settings = {COMPILER_FLAGS = "-w"; }; };
		B680D6389235523F58532CD0 /* icon_72x72.png in Resources */ = {isa = PBXBuildFile; fileRef = B680D9EEACFC4ECED9139832 /* icon_72x72.png */; };
		B680D64286F2781DB89EF249 /* HDWCompatibility.m in Sources */ = {isa = PBXBuildFile; fileRef = B680D7173CD7CC26132FCC8D /* HDWCompatibility.m */; };
		B680D64F645B7F16C8DD3B49 /* Connectinfo.pb.m in Sources */ = {isa = PBXBuildFile; fileRef = B680DC85A3A4D3834025A522 /* Connectinfo.pb.m */; settings = {COMPILER_FLAGS = "-w"; }; };
		B680D6A3A0C15C58F4E3CCC1 /* Settings.bundle in Resources */ = {isa = PBXBuildFile; fileRef = B680DE366FA3FF97622DBDF5 /* Settings.bundle */; };
		B680D6B45160646975070C39 /* Message.pb.m in Sources */ = {isa = PBXBuildFile; fileRef = B680D870B341D23CDE3ACAA9 /* Message.pb.m */; settings = {COMPILER_FLAGS = "-w"; }; };
		B680D6B9753077B02B83B999 /* Compatibility.pb.m in Sources */ = {isa = PBXBuildFile; fileRef = B680D3AFE04FEA8CF45D8B09 /* Compatibility.pb.m */; settings = {COMPILER_FLAGS = "-w"; }; };
		B680D701A3DD9042849B4D3E /* HDWQueue.m in Sources */ = {isa = PBXBuildFile; fileRef = B680DE73882D79EF4EC91D14 /* HDWQueue.m */; };
		B680D70CE5781B57F6CDBE47 /* HDWOptixVideoView.m in Sources */ = {isa = PBXBuildFile; fileRef = B680D8BA5BCD5BF8BFFE449A /* HDWOptixVideoView.m */; };
		B680D71FE4CA31374735D77A /* BusinessCommon.pb.m in Sources */ = {isa = PBXBuildFile; fileRef = B680D0FDB88D9816797B456D /* BusinessCommon.pb.m */; settings = {COMPILER_FLAGS = "-w"; }; };
		B680D7D15807331A5B56390E /* HDWProtocol.m in Sources */ = {isa = PBXBuildFile; fileRef = B680DB3F6FD40C30E1D7E777 /* HDWProtocol.m */; };
		B680D848DAA277137520AC09 /* icon_29x29.png in Resources */ = {isa = PBXBuildFile; fileRef = B680D5DD3ED04494A11641A4 /* icon_29x29.png */; };
		B680D921D3654D19B840E93C /* HDWCameraModel.m in Sources */ = {isa = PBXBuildFile; fileRef = B680D48BF68E24DF487D2D31 /* HDWCameraModel.m */; };
		B680D93A5162957958B3A985 /* icon_100x100.png in Resources */ = {isa = PBXBuildFile; fileRef = B680D3396F088E9FF4AC46D7 /* icon_100x100.png */; };
		B680D975B970351D5A4A960B /* MotionJpegImageViewAdapter.m in Sources */ = {isa = PBXBuildFile; fileRef = B680D449F995D2E19CFEF688 /* MotionJpegImageViewAdapter.m */; };
		B680D98CCD9A025E90EC4F2E /* icon_144x144.png in Resources */ = {isa = PBXBuildFile; fileRef = B680D43F51BA6087BA3298EF /* icon_144x144.png */; };
		B680D99F4FC72FD075F98E2D /* HDWApiConnectInfo.m in Sources */ = {isa = PBXBuildFile; fileRef = B680DADAF0A449610B9A8084 /* HDWApiConnectInfo.m */; };
		B680D9AAF6B551658D5B54B1 /* MotionJpegImageView.mm in Sources */ = {isa = PBXBuildFile; fileRef = B680D70E955B455EF60BB5A6 /* MotionJpegImageView.mm */; };
		B680D9D106511CED160C968E /* NSString+Base64.m in Sources */ = {isa = PBXBuildFile; fileRef = B680D570C3EA68F3657588F9 /* NSString+Base64.m */; };
		B680DA23B9F9662834973314 /* HDWAppDelegate.m in Sources */ = {isa = PBXBuildFile; fileRef = B680DA55E3864EE31D03C5F2 /* HDWAppDelegate.m */; };
		B680DA4BFAB65F8D294E44BC /* Server.pb.m in Sources */ = {isa = PBXBuildFile; fileRef = B680D468843D8986B2B4C014 /* Server.pb.m */; settings = {COMPILER_FLAGS = "-w"; }; };
		B680DAE123DEE1482F88629A /* icon_58x58.png in Resources */ = {isa = PBXBuildFile; fileRef = B680D9CAA855D99E58FE98BA /* icon_58x58.png */; };
		B680DAE184C8870865DD3711 /* main.m in Sources */ = {isa = PBXBuildFile; fileRef = B680D3924AF84253663B5D2C /* main.m */; };
		B680DB2A842A8D1F6D243300 /* HDWUUID.m in Sources */ = {isa = PBXBuildFile; fileRef = B680D703D458CCDE3FCF105B /* HDWUUID.m */; };
		B680DB2B0AF205C2FCEE3FB4 /* Kvpair.pb.m in Sources */ = {isa = PBXBuildFile; fileRef = B680D8248433D2C2BA6FC2A8 /* Kvpair.pb.m */; settings = {COMPILER_FLAGS = "-w"; }; };
		B680DB3ED459F2142495478D /* Camera.pb.m in Sources */ = {isa = PBXBuildFile; fileRef = B680D046C74817A26B4B7E55 /* Camera.pb.m */; settings = {COMPILER_FLAGS = "-w"; }; };
		B680DBA29BA2EEDBDFBEE603 /* Default2-Portrait~ipad.png in Resources */ = {isa = PBXBuildFile; fileRef = B680DA4D799C725F5D8E6784 /* Default2-Portrait~ipad.png */; };
		B680DBA49388D1166844094C /* Default-Landscape~ipad.png in Resources */ = {isa = PBXBuildFile; fileRef = B680DCE991250FCB096C7742 /* Default-Landscape~ipad.png */; };
		B680DC142E6E70D8C8C3FB6C /* Default2-Landscape@2x~ipad.png in Resources */ = {isa = PBXBuildFile; fileRef = B680DA17B464921EC8DBE452 /* Default2-Landscape@2x~ipad.png */; };
		B680DC18B805548C4D3D1D1C /* HDWECSViewController.m in Sources */ = {isa = PBXBuildFile; fileRef = B680D5DA8E24EC6686FA432F /* HDWECSViewController.m */; };
		B680DC6F351D6490C25379C2 /* HDWVideoViewController.m in Sources */ = {isa = PBXBuildFile; fileRef = B680DC6AED57C5ECC8FB6A5A /* HDWVideoViewController.m */; };
		B680DC80B60C0AD9C06968A6 /* CameraServerItem.pb.m in Sources */ = {isa = PBXBuildFile; fileRef = B680D3B823D2570A87670741 /* CameraServerItem.pb.m */; settings = {COMPILER_FLAGS = "-w"; }; };
		B680DCB808F1A697131E09CC /* Default-Portrait@2x~ipad.png in Resources */ = {isa = PBXBuildFile; fileRef = B680D7842D638E2A7BEB07BD /* Default-Portrait@2x~ipad.png */; };
		B680DCF849020602AB30077C /* BusinessRule.pb.m in Sources */ = {isa = PBXBuildFile; fileRef = B680DBC520F4A5920F7287E8 /* BusinessRule.pb.m */; settings = {COMPILER_FLAGS = "-w"; }; };
		B680DD3392AE16BF3811D063 /* icon_80x80.png in Resources */ = {isa = PBXBuildFile; fileRef = B680D2AE82309C190B919332 /* icon_80x80.png */; };
		B680DD3CCB293D649A5E5EAE /* icon_114x114.png in Resources */ = {isa = PBXBuildFile; fileRef = B680D05B5DB348BD15913865 /* icon_114x114.png */; };
		B680DD584F0EAB54160181C5 /* User.pb.m in Sources */ = {isa = PBXBuildFile; fileRef = B680D8E1F81E6F049EC02F48 /* User.pb.m */; settings = {COMPILER_FLAGS = "-w"; }; };
		B680DD851795817048EC7900 /* camera.png in Resources */ = {isa = PBXBuildFile; fileRef = B680DE0BE156F8E9CF5EBCAC /* camera.png */; };
		B680DDCECD15304F590C2D3F /* HDWMasterViewController.m in Sources */ = {isa = PBXBuildFile; fileRef = B680DC72E73751D9C6E9A75B /* HDWMasterViewController.m */; };
		B680DDE0160D027ED94B9AB6 /* HDWOrderedDictionary.m in Sources */ = {isa = PBXBuildFile; fileRef = B680DFA06E908CCCA96FAC91 /* HDWOrderedDictionary.m */; };
		B680DDE9491450950D0DC585 /* HDWGlobalData.m in Sources */ = {isa = PBXBuildFile; fileRef = B680DAD8C33A21EB7507F50F /* HDWGlobalData.m */; };
		B680DE23477EF2ACFC46724F /* License.pb.m in Sources */ = {isa = PBXBuildFile; fileRef = B680D77C2390A20FF94EC2AB /* License.pb.m */; settings = {COMPILER_FLAGS = "-w"; }; };
		B680DE80954E5A7A90A1E1B3 /* icon_152x152.png in Resources */ = {isa = PBXBuildFile; fileRef = B680DCABD43965F5A7EFF921 /* icon_152x152.png */; };
		B680DEC7F8BD226DD68A87FD /* Ms_recordedTimePeriod.pb.m in Sources */ = {isa = PBXBuildFile; fileRef = B680D8810E640ED4F0073F5B /* Ms_recordedTimePeriod.pb.m */; settings = {COMPILER_FLAGS = "-w"; }; };
		B680DEF6FB0CCB77D1AE923C /* HDWQualityHelper.m in Sources */ = {isa = PBXBuildFile; fileRef = B680D285CF018C11495D7894 /* HDWQualityHelper.m */; };
		B680DF16016384B4587D9516 /* Default-568h@2x.png in Resources */ = {isa = PBXBuildFile; fileRef = B680DFA6CF79E335D4DFBB50 /* Default-568h@2x.png */; };
		B680DF18D7169E2459FE2F6C /* Resource.pb.m in Sources */ = {isa = PBXBuildFile; fileRef = B680DD3CF372EE15ADF314D7 /* Resource.pb.m */; settings = {COMPILER_FLAGS = "-w"; }; };
		B680DF3BA072CC5A0C6C8454 /* HDWCollectionViewCell.m in Sources */ = {isa = PBXBuildFile; fileRef = B680D16B76D53CB4262BB814 /* HDWCollectionViewCell.m */; };
		B680DFBC3FA741EC32E78A38 /* ResourceType.pb.m in Sources */ = {isa = PBXBuildFile; fileRef = B680D7E94FA522C5EE53CD86 /* ResourceType.pb.m */; settings = {COMPILER_FLAGS = "-w"; }; };
		C718315B1AF16A3C0084AD5A /* multipart_parser.c in Sources */ = {isa = PBXBuildFile; fileRef = C718315A1AF16A3C0084AD5A /* multipart_parser.c */; };
		C718315E1AF16A500084AD5A /* HDWMultipartStreamParser.m in Sources */ = {isa = PBXBuildFile; fileRef = C718315D1AF16A500084AD5A /* HDWMultipartStreamParser.m */; };
		C71D5AF516ADBB9600C764B5 /* UIKit.framework in Frameworks */ = {isa = PBXBuildFile; fileRef = C71D5AF416ADBB9600C764B5 /* UIKit.framework */; };
		C71D5AF716ADBB9600C764B5 /* Foundation.framework in Frameworks */ = {isa = PBXBuildFile; fileRef = C71D5AF616ADBB9600C764B5 /* Foundation.framework */; };
		C71D5AF916ADBB9600C764B5 /* CoreGraphics.framework in Frameworks */ = {isa = PBXBuildFile; fileRef = C71D5AF816ADBB9600C764B5 /* CoreGraphics.framework */; };
		C71D5B2016ADBB9600C764B5 /* UIKit.framework in Frameworks */ = {isa = PBXBuildFile; fileRef = C71D5AF416ADBB9600C764B5 /* UIKit.framework */; };
		C71D5B2116ADBB9600C764B5 /* Foundation.framework in Frameworks */ = {isa = PBXBuildFile; fileRef = C71D5AF616ADBB9600C764B5 /* Foundation.framework */; };
		C721632919BC5CEE00DC84DA /* HDWQualitySelectionTests.m in Sources */ = {isa = PBXBuildFile; fileRef = C721632819BC5CEE00DC84DA /* HDWQualitySelectionTests.m */; };
		C721632C19BC77AD00DC84DA /* XCTest.framework in Frameworks */ = {isa = PBXBuildFile; fileRef = C721632A19BC777D00DC84DA /* XCTest.framework */; };
		C734D6891900FC9B00ACC849 /* CoreMedia.framework in Frameworks */ = {isa = PBXBuildFile; fileRef = C734D6881900FC9B00ACC849 /* CoreMedia.framework */; };
		C7484C45170F11D800A589CE /* QuartzCore.framework in Frameworks */ = {isa = PBXBuildFile; fileRef = C7484C44170F11D800A589CE /* QuartzCore.framework */; };
		C7544AD218F7E0A900B6E704 /* AVFoundation.framework in Frameworks */ = {isa = PBXBuildFile; fileRef = C7544AD118F7E0A900B6E704 /* AVFoundation.framework */; };
		C75832F31B8FF2D50004C878 /* HDWHTTPRequestOperation.m in Sources */ = {isa = PBXBuildFile; fileRef = C75832F21B8FF2D50004C878 /* HDWHTTPRequestOperation.m */; };
		C75E18861B43951D00A9CE78 /* Base.lproj/MainStoryboard_iPad.storyboard in Resources */ = {isa = PBXBuildFile; fileRef = C75E18841B43951D00A9CE78 /* Base.lproj/MainStoryboard_iPad.storyboard */; };
		C75E18871B43951D00A9CE78 /* Base.lproj/MainStoryboard_iPhone.storyboard in Resources */ = {isa = PBXBuildFile; fileRef = C75E18851B43951D00A9CE78 /* Base.lproj/MainStoryboard_iPhone.storyboard */; };
		C766E9FA1A8D0EFE000C50C2 /* CoreVideo.framework in Frameworks */ = {isa = PBXBuildFile; fileRef = C766E9F91A8D0EFE000C50C2 /* CoreVideo.framework */; };
		C766E9FC1A8D0F09000C50C2 /* OpenGLES.framework in Frameworks */ = {isa = PBXBuildFile; fileRef = C766E9FB1A8D0F09000C50C2 /* OpenGLES.framework */; };
		C766E9FF1A8E4156000C50C2 /* HDWResolution.m in Sources */ = {isa = PBXBuildFile; fileRef = C766E9FE1A8E4156000C50C2 /* HDWResolution.m */; };
		C76FA6AC1B9FB2610094E6E0 /* HDWECSConfig.m in Sources */ = {isa = PBXBuildFile; fileRef = C76FA6AB1B9FB2610094E6E0 /* HDWECSConfig.m */; };
		C79888C81A7D052000397179 /* HDWSetTest.m in Sources */ = {isa = PBXBuildFile; fileRef = C79888C71A7D052000397179 /* HDWSetTest.m */; };
		C79888CB1A7D0D8600397179 /* HDWSet.mm in Sources */ = {isa = PBXBuildFile; fileRef = C79888CA1A7D0D8600397179 /* HDWSet.mm */; };
		C79888CE1A7D239A00397179 /* HDWMap.mm in Sources */ = {isa = PBXBuildFile; fileRef = C79888CD1A7D239A00397179 /* HDWMap.mm */; };
		C79888D01A7D289000397179 /* HDWMapTest.m in Sources */ = {isa = PBXBuildFile; fileRef = C79888CF1A7D289000397179 /* HDWMapTest.m */; };
		C7D765CE1925092700D9DB38 /* MediaPlayer.framework in Frameworks */ = {isa = PBXBuildFile; fileRef = C7D765CD1925092700D9DB38 /* MediaPlayer.framework */; };
		C7E75E611819857400071E80 /* MessageUI.framework in Frameworks */ = {isa = PBXBuildFile; fileRef = C7E75E601819857400071E80 /* MessageUI.framework */; };
/* End PBXBuildFile section */

/* Begin PBXBuildRule section */
		C7C3E20A1720A5D500E44579 /* PBXBuildRule */ = {
			isa = PBXBuildRule;
			compilerSpec = com.apple.compilers.proxy.script;
			filePatterns = "*.proto";
			fileType = pattern.proxy;
			isEditable = 1;
			outputFiles = (
				"${DERIVED_FILES_DIR}/${INPUT_FILE_BASE}.pb.h",
				"${DERIVED_FILES_DIR}/${INPUT_FILE_BASE}.pb.m",
			);
			script = "# Verify all is copied\nTMP_PB_DIR=\"${DERIVED_FILES_DIR}/pb\"\n[ -d \"${TMP_PB_DIR}\" ] || cp -R \"${INPUT_FILE_DIR}\" \"${TMP_PB_DIR}\"\n\nTMP_FILE_PATH=\"${TMP_PB_DIR}/${INPUT_FILE_BASE}.proto\"\ngrep -v \"repeated string.*HardwareId\" < \"${INPUT_FILE_PATH}\" > \"${TMP_FILE_PATH}\"\n/usr/local/bin/protoc --proto_path=\"${TMP_PB_DIR}\" --plugin=/usr/local/bin/protoc-gen-objc \"${TMP_FILE_PATH}\" --objc_out=\"${DERIVED_FILES_DIR}\"";
		};
/* End PBXBuildRule section */

/* Begin PBXContainerItemProxy section */
		C71D5B2216ADBB9600C764B5 /* PBXContainerItemProxy */ = {
			isa = PBXContainerItemProxy;
			containerPortal = C71D5AE716ADBB9600C764B5 /* Project object */;
			proxyType = 1;
			remoteGlobalIDString = C71D5AEF16ADBB9600C764B5;
			remoteInfo = HDWitness;
		};
/* End PBXContainerItemProxy section */

/* Begin PBXFileReference section */
		1381EE06ED874D8C96CB5F42 /* libPods.a */ = {isa = PBXFileReference; explicitFileType = archive.ar; includeInIndex = 0; path = libPods.a; sourceTree = BUILT_PRODUCTS_DIR; };
		36BA322F332FB8CD10706884 /* Pods.debug.xcconfig */ = {isa = PBXFileReference; includeInIndex = 1; lastKnownFileType = text.xcconfig; name = Pods.debug.xcconfig; path = "../Pods/Target Support Files/Pods/Pods.debug.xcconfig"; sourceTree = "<group>"; };
		B680D01F4BB8DCA3CBAED3BB /* Base */ = {isa = PBXFileReference; fileEncoding = 4; lastKnownFileType = text.plist.strings; name = Base; path = Base.lproj/Localizable.strings; sourceTree = "<group>"; };
		B680D046C74817A26B4B7E55 /* Camera.pb.m */ = {isa = PBXFileReference; fileEncoding = 4; lastKnownFileType = sourcecode.c.objc; path = Camera.pb.m; sourceTree = "<group>"; };
		B680D05B5DB348BD15913865 /* icon_114x114.png */ = {isa = PBXFileReference; lastKnownFileType = image.png; path = icon_114x114.png; sourceTree = "<group>"; };
		B680D074801AFB95E65428CE /* Config.h */ = {isa = PBXFileReference; fileEncoding = 4; lastKnownFileType = sourcecode.c.h; path = Config.h; sourceTree = "<group>"; };
		B680D07624740BF4C8A6A00F /* icon_1024x1024.png */ = {isa = PBXFileReference; lastKnownFileType = image.png; path = icon_1024x1024.png; sourceTree = "<group>"; };
		B680D0B4E5462963295B0692 /* BusinessCommon.pb.h */ = {isa = PBXFileReference; fileEncoding = 4; lastKnownFileType = sourcecode.c.h; path = BusinessCommon.pb.h; sourceTree = "<group>"; };
		B680D0F0CC5A6B20992EE713 /* License.pb.h */ = {isa = PBXFileReference; fileEncoding = 4; lastKnownFileType = sourcecode.c.h; path = License.pb.h; sourceTree = "<group>"; };
		B680D0FDB88D9816797B456D /* BusinessCommon.pb.m */ = {isa = PBXFileReference; fileEncoding = 4; lastKnownFileType = sourcecode.c.objc; path = BusinessCommon.pb.m; sourceTree = "<group>"; };
		B680D11CA21F8C675EE27F38 /* HDWAppDelegate.h */ = {isa = PBXFileReference; fileEncoding = 4; lastKnownFileType = sourcecode.c.h; path = HDWAppDelegate.h; sourceTree = "<group>"; };
		B680D12C20B3EB49D7160A0F /* HDWLegacyStreamParser.h */ = {isa = PBXFileReference; fileEncoding = 4; lastKnownFileType = sourcecode.c.h; name = HDWLegacyStreamParser.h; path = HDWitness/HDWLegacyStreamParser.h; sourceTree = "<group>"; };
		B680D144F6D112F0EB532F7C /* Connectinfo.pb.h */ = {isa = PBXFileReference; fileEncoding = 4; lastKnownFileType = sourcecode.c.h; path = Connectinfo.pb.h; sourceTree = "<group>"; };
		B680D16B76D53CB4262BB814 /* HDWCollectionViewCell.m */ = {isa = PBXFileReference; fileEncoding = 4; lastKnownFileType = sourcecode.c.objc; path = HDWCollectionViewCell.m; sourceTree = "<group>"; };
		B680D194A61025B496451B21 /* HDWDetailViewController.h */ = {isa = PBXFileReference; fileEncoding = 4; lastKnownFileType = sourcecode.c.h; path = HDWDetailViewController.h; sourceTree = "<group>"; };
		B680D1E16D0E7ABF90B210C5 /* HDWURLBuilder.m */ = {isa = PBXFileReference; fileEncoding = 4; lastKnownFileType = sourcecode.c.objc; path = HDWURLBuilder.m; sourceTree = "<group>"; };
		B680D1E457EC5B338DD486E1 /* HDWCalendarViewController.h */ = {isa = PBXFileReference; fileEncoding = 4; lastKnownFileType = sourcecode.c.h; path = HDWCalendarViewController.h; sourceTree = "<group>"; };
		B680D22B8966BBF3125A0009 /* HDWModelVisibilityVisitor.m */ = {isa = PBXFileReference; fileEncoding = 4; lastKnownFileType = sourcecode.c.objc; path = HDWModelVisibilityVisitor.m; sourceTree = "<group>"; };
		B680D22BD72C923D3B01D0E4 /* BusinessRule.pb.h */ = {isa = PBXFileReference; fileEncoding = 4; lastKnownFileType = sourcecode.c.h; path = BusinessRule.pb.h; sourceTree = "<group>"; };
		B680D23BA70D5D41335ED107 /* CameraServerItem.pb.h */ = {isa = PBXFileReference; fileEncoding = 4; lastKnownFileType = sourcecode.c.h; path = CameraServerItem.pb.h; sourceTree = "<group>"; };
		B680D26AF0696B55DE91ACA4 /* Setting.pb.h */ = {isa = PBXFileReference; fileEncoding = 4; lastKnownFileType = sourcecode.c.h; path = Setting.pb.h; sourceTree = "<group>"; };
		B680D285CF018C11495D7894 /* HDWQualityHelper.m */ = {isa = PBXFileReference; fileEncoding = 4; lastKnownFileType = sourcecode.c.objc; path = HDWQualityHelper.m; sourceTree = "<group>"; };
		B680D2AE82309C190B919332 /* icon_80x80.png */ = {isa = PBXFileReference; lastKnownFileType = image.png; path = icon_80x80.png; sourceTree = "<group>"; };
		B680D2B254A85D0B6AB0732F /* icon_76x76.png */ = {isa = PBXFileReference; lastKnownFileType = image.png; path = icon_76x76.png; sourceTree = "<group>"; };
		B680D2F33CFE1BF50EEB37B2 /* HDWitness-Prefix.pch */ = {isa = PBXFileReference; fileEncoding = 4; lastKnownFileType = sourcecode.c.h; path = "HDWitness-Prefix.pch"; sourceTree = "<group>"; };
		B680D303AF662BF08B5BDCAC /* Default-Landscape@2x~ipad.png */ = {isa = PBXFileReference; lastKnownFileType = image.png; path = "Default-Landscape@2x~ipad.png"; sourceTree = "<group>"; };
		B680D3059B048B3B0C51AA10 /* camera_offline.png */ = {isa = PBXFileReference; lastKnownFileType = image.png; path = camera_offline.png; sourceTree = "<group>"; };
		B680D32CCCE5398F918607DC /* HDWitness.xcconfig */ = {isa = PBXFileReference; fileEncoding = 4; lastKnownFileType = text.xcconfig; path = HDWitness.xcconfig; sourceTree = "<group>"; };
		B680D3396F088E9FF4AC46D7 /* icon_100x100.png */ = {isa = PBXFileReference; lastKnownFileType = image.png; path = icon_100x100.png; sourceTree = "<group>"; };
		B680D35271FFB6A1B95304EA /* HDWProtocol.h */ = {isa = PBXFileReference; fileEncoding = 4; lastKnownFileType = sourcecode.c.h; name = HDWProtocol.h; path = HDWitness/HDWProtocol.h; sourceTree = "<group>"; };
		B680D361C197425AAF138346 /* camera_unauthorized.png */ = {isa = PBXFileReference; lastKnownFileType = image.png; path = camera_unauthorized.png; sourceTree = "<group>"; };
		B680D3887BE73F2C040D52FA /* HDWOrderedDictionary.h */ = {isa = PBXFileReference; fileEncoding = 4; lastKnownFileType = sourcecode.c.h; path = HDWOrderedDictionary.h; sourceTree = "<group>"; };
		B680D3924AF84253663B5D2C /* main.m */ = {isa = PBXFileReference; fileEncoding = 4; lastKnownFileType = sourcecode.c.objc; path = main.m; sourceTree = "<group>"; };
		B680D3AFE04FEA8CF45D8B09 /* Compatibility.pb.m */ = {isa = PBXFileReference; fileEncoding = 4; lastKnownFileType = sourcecode.c.objc; path = Compatibility.pb.m; sourceTree = "<group>"; };
		B680D3B0CFAF507AB149202C /* OVTPlayerLayerView.h */ = {isa = PBXFileReference; fileEncoding = 4; lastKnownFileType = sourcecode.c.h; path = OVTPlayerLayerView.h; sourceTree = "<group>"; };
		B680D3B823D2570A87670741 /* CameraServerItem.pb.m */ = {isa = PBXFileReference; fileEncoding = 4; lastKnownFileType = sourcecode.c.objc; path = CameraServerItem.pb.m; sourceTree = "<group>"; };
		B680D3DD6BBDF15204AEB6C7 /* HDWCollectionViewCell.h */ = {isa = PBXFileReference; fileEncoding = 4; lastKnownFileType = sourcecode.c.h; path = HDWCollectionViewCell.h; sourceTree = "<group>"; };
		B680D3FA2940E2A6A1BE22E2 /* Setting.pb.m */ = {isa = PBXFileReference; fileEncoding = 4; lastKnownFileType = sourcecode.c.objc; path = Setting.pb.m; sourceTree = "<group>"; };
		B680D4131538339B43AE960E /* HDWMasterViewController.h */ = {isa = PBXFileReference; fileEncoding = 4; lastKnownFileType = sourcecode.c.h; path = HDWMasterViewController.h; sourceTree = "<group>"; };
		B680D43F51BA6087BA3298EF /* icon_144x144.png */ = {isa = PBXFileReference; lastKnownFileType = image.png; path = icon_144x144.png; sourceTree = "<group>"; };
		B680D449F995D2E19CFEF688 /* MotionJpegImageViewAdapter.m */ = {isa = PBXFileReference; fileEncoding = 4; lastKnownFileType = sourcecode.c.objc; path = MotionJpegImageViewAdapter.m; sourceTree = "<group>"; };
		B680D468843D8986B2B4C014 /* Server.pb.m */ = {isa = PBXFileReference; fileEncoding = 4; lastKnownFileType = sourcecode.c.objc; path = Server.pb.m; sourceTree = "<group>"; };
		B680D478A84714C256F9D202 /* BinaryChunksParser.mm */ = {isa = PBXFileReference; fileEncoding = 4; lastKnownFileType = sourcecode.cpp.objcpp; name = BinaryChunksParser.mm; path = HDWitness/BinaryChunksParser.mm; sourceTree = "<group>"; };
		B680D479E2954E917301AF9A /* HDWCompatibility.h */ = {isa = PBXFileReference; fileEncoding = 4; lastKnownFileType = sourcecode.c.h; path = HDWCompatibility.h; sourceTree = "<group>"; };
		B680D48BF68E24DF487D2D31 /* HDWCameraModel.m */ = {isa = PBXFileReference; fileEncoding = 4; lastKnownFileType = sourcecode.c.objc; path = HDWCameraModel.m; sourceTree = "<group>"; };
		B680D4D51D50767898B296A6 /* ResourceType.pb.h */ = {isa = PBXFileReference; fileEncoding = 4; lastKnownFileType = sourcecode.c.h; path = ResourceType.pb.h; sourceTree = "<group>"; };
		B680D54577E34BB2AD5ADFF1 /* gears.png */ = {isa = PBXFileReference; lastKnownFileType = image.png; path = gears.png; sourceTree = "<group>"; };
		B680D55D0F88880B099BF854 /* Layout.pb.m */ = {isa = PBXFileReference; fileEncoding = 4; lastKnownFileType = sourcecode.c.objc; path = Layout.pb.m; sourceTree = "<group>"; };
		B680D56A68200781CA449B93 /* HDWPB2ProtocolImpl.h */ = {isa = PBXFileReference; fileEncoding = 4; lastKnownFileType = sourcecode.c.h; name = HDWPB2ProtocolImpl.h; path = HDWitness/HDWPB2ProtocolImpl.h; sourceTree = "<group>"; };
		B680D570C3EA68F3657588F9 /* NSString+Base64.m */ = {isa = PBXFileReference; fileEncoding = 4; lastKnownFileType = sourcecode.c.objc; path = "NSString+Base64.m"; sourceTree = "<group>"; };
		B680D5ACA95E4D0158DDEDAD /* HDWPB2ProtocolImpl.m */ = {isa = PBXFileReference; fileEncoding = 4; lastKnownFileType = sourcecode.c.objc; name = HDWPB2ProtocolImpl.m; path = HDWitness/HDWPB2ProtocolImpl.m; sourceTree = "<group>"; };
		B680D5DA8E24EC6686FA432F /* HDWECSViewController.m */ = {isa = PBXFileReference; fileEncoding = 4; lastKnownFileType = sourcecode.c.objc; path = HDWECSViewController.m; sourceTree = "<group>"; };
		B680D5DD3ED04494A11641A4 /* icon_29x29.png */ = {isa = PBXFileReference; lastKnownFileType = image.png; path = icon_29x29.png; sourceTree = "<group>"; };
		B680D5EEFC1DF45AD7051E47 /* Layout.pb.h */ = {isa = PBXFileReference; fileEncoding = 4; lastKnownFileType = sourcecode.c.h; path = Layout.pb.h; sourceTree = "<group>"; };
		B680D60113068E8D45250742 /* ru */ = {isa = PBXFileReference; fileEncoding = 4; lastKnownFileType = text.plist.strings; name = ru; path = ru.lproj/Localizable.strings; sourceTree = "<group>"; };
		B680D60F8414C22FDBC80916 /* HDWModelVisitor.h */ = {isa = PBXFileReference; fileEncoding = 4; lastKnownFileType = sourcecode.c.h; path = HDWModelVisitor.h; sourceTree = "<group>"; };
		B680D62925715D656005F7F6 /* HDWGlobalData.h */ = {isa = PBXFileReference; fileEncoding = 4; lastKnownFileType = sourcecode.c.h; path = HDWGlobalData.h; sourceTree = "<group>"; };
		B680D6534DF20D977518A1A3 /* HDWModelEvent.h */ = {isa = PBXFileReference; fileEncoding = 4; lastKnownFileType = sourcecode.c.h; path = HDWModelEvent.h; sourceTree = "<group>"; };
		B680D6C95B2D85F01A9B700B /* HDWitness-Info.plist */ = {isa = PBXFileReference; fileEncoding = 4; lastKnownFileType = text.plist.info; path = "HDWitness-Info.plist"; sourceTree = "<group>"; };
		B680D6D5896A5ABF3802711F /* Kvpair.pb.h */ = {isa = PBXFileReference; fileEncoding = 4; lastKnownFileType = sourcecode.c.h; path = Kvpair.pb.h; sourceTree = "<group>"; };
		B680D6D6EB626F7059A3B064 /* HDWVideoViewController.h */ = {isa = PBXFileReference; fileEncoding = 4; lastKnownFileType = sourcecode.c.h; path = HDWVideoViewController.h; sourceTree = "<group>"; };
		B680D703D458CCDE3FCF105B /* HDWUUID.m */ = {isa = PBXFileReference; fileEncoding = 4; lastKnownFileType = sourcecode.c.objc; path = HDWUUID.m; sourceTree = "<group>"; };
		B680D70E955B455EF60BB5A6 /* MotionJpegImageView.mm */ = {isa = PBXFileReference; fileEncoding = 4; lastKnownFileType = sourcecode.cpp.objcpp; path = MotionJpegImageView.mm; sourceTree = "<group>"; };
		B680D7173CD7CC26132FCC8D /* HDWCompatibility.m */ = {isa = PBXFileReference; fileEncoding = 4; lastKnownFileType = sourcecode.c.objc; path = HDWCompatibility.m; sourceTree = "<group>"; };
		B680D7498893220CFE93DEE1 /* HDWOptixVideoView.h */ = {isa = PBXFileReference; fileEncoding = 4; lastKnownFileType = sourcecode.c.h; path = HDWOptixVideoView.h; sourceTree = "<group>"; };
		B680D77C2390A20FF94EC2AB /* License.pb.m */ = {isa = PBXFileReference; fileEncoding = 4; lastKnownFileType = sourcecode.c.objc; path = License.pb.m; sourceTree = "<group>"; };
		B680D7842D638E2A7BEB07BD /* Default-Portrait@2x~ipad.png */ = {isa = PBXFileReference; lastKnownFileType = image.png; path = "Default-Portrait@2x~ipad.png"; sourceTree = "<group>"; };
		B680D78A57371985962A6877 /* NSString+OptixAdditions.h */ = {isa = PBXFileReference; fileEncoding = 4; lastKnownFileType = sourcecode.c.h; path = "NSString+OptixAdditions.h"; sourceTree = "<group>"; };
		B680D7E3245D0463FACB01A0 /* Default@2x.png */ = {isa = PBXFileReference; lastKnownFileType = image.png; path = "Default@2x.png"; sourceTree = "<group>"; };
		B680D7E94FA522C5EE53CD86 /* ResourceType.pb.m */ = {isa = PBXFileReference; fileEncoding = 4; lastKnownFileType = sourcecode.c.objc; path = ResourceType.pb.m; sourceTree = "<group>"; };
		B680D813AF9E0D980E7AE09A /* MotionJpegImageView.h */ = {isa = PBXFileReference; fileEncoding = 4; lastKnownFileType = sourcecode.c.h; path = MotionJpegImageView.h; sourceTree = "<group>"; };
		B680D8248433D2C2BA6FC2A8 /* Kvpair.pb.m */ = {isa = PBXFileReference; fileEncoding = 4; lastKnownFileType = sourcecode.c.objc; path = Kvpair.pb.m; sourceTree = "<group>"; };
		B680D82C68FAE596A1E7377C /* OVTPlayerLayerView.m */ = {isa = PBXFileReference; fileEncoding = 4; lastKnownFileType = sourcecode.c.objc; path = OVTPlayerLayerView.m; sourceTree = "<group>"; };
		B680D834E89248EACF7661E9 /* HDWModelEvent.m */ = {isa = PBXFileReference; fileEncoding = 4; lastKnownFileType = sourcecode.c.objc; path = HDWModelEvent.m; sourceTree = "<group>"; };
		B680D84215C2D80478099ECF /* Default2-Portrait@2x~ipad.png */ = {isa = PBXFileReference; lastKnownFileType = image.png; path = "Default2-Portrait@2x~ipad.png"; sourceTree = "<group>"; };
		B680D85F3A586BCBFE072A64 /* HDWLiveStreamingViewAdapter.h */ = {isa = PBXFileReference; fileEncoding = 4; lastKnownFileType = sourcecode.c.h; path = HDWLiveStreamingViewAdapter.h; sourceTree = "<group>"; };
		B680D8709371C3257C284CC5 /* MotionJpegImageViewAdapter.h */ = {isa = PBXFileReference; fileEncoding = 4; lastKnownFileType = sourcecode.c.h; path = MotionJpegImageViewAdapter.h; sourceTree = "<group>"; };
		B680D870B341D23CDE3ACAA9 /* Message.pb.m */ = {isa = PBXFileReference; fileEncoding = 4; lastKnownFileType = sourcecode.c.objc; path = Message.pb.m; sourceTree = "<group>"; };
		B680D8810E640ED4F0073F5B /* Ms_recordedTimePeriod.pb.m */ = {isa = PBXFileReference; fileEncoding = 4; lastKnownFileType = sourcecode.c.objc; path = Ms_recordedTimePeriod.pb.m; sourceTree = "<group>"; };
		B680D8865FA1A61BE177C368 /* HDWJSONProtocolImpl.m */ = {isa = PBXFileReference; fileEncoding = 4; lastKnownFileType = sourcecode.c.objc; name = HDWJSONProtocolImpl.m; path = HDWitness/HDWJSONProtocolImpl.m; sourceTree = "<group>"; };
		B680D889B2CF1FA027501F9F /* HDWModelVisibilityVisitor.h */ = {isa = PBXFileReference; fileEncoding = 4; lastKnownFileType = sourcecode.c.h; path = HDWModelVisibilityVisitor.h; sourceTree = "<group>"; };
		B680D8BA5BCD5BF8BFFE449A /* HDWOptixVideoView.m */ = {isa = PBXFileReference; fileEncoding = 4; lastKnownFileType = sourcecode.c.objc; path = HDWOptixVideoView.m; sourceTree = "<group>"; };
		B680D8E1F81E6F049EC02F48 /* User.pb.m */ = {isa = PBXFileReference; fileEncoding = 4; lastKnownFileType = sourcecode.c.objc; path = User.pb.m; sourceTree = "<group>"; };
		B680D8E821ED47B119960CE5 /* HDWQueue.h */ = {isa = PBXFileReference; fileEncoding = 4; lastKnownFileType = sourcecode.c.h; path = HDWQueue.h; sourceTree = "<group>"; };
		B680D8F29911CF6D179A689E /* HDWECSViewController.h */ = {isa = PBXFileReference; fileEncoding = 4; lastKnownFileType = sourcecode.c.h; path = HDWECSViewController.h; sourceTree = "<group>"; };
		B680D8FE5E735F1DFC1FB35C /* User.pb.h */ = {isa = PBXFileReference; fileEncoding = 4; lastKnownFileType = sourcecode.c.h; path = User.pb.h; sourceTree = "<group>"; };
		B680D9369845A3152133E456 /* server.png */ = {isa = PBXFileReference; lastKnownFileType = image.png; path = server.png; sourceTree = "<group>"; };
		B680D94ED34579A4697EE925 /* NSString+OptixAdditions.m */ = {isa = PBXFileReference; fileEncoding = 4; lastKnownFileType = sourcecode.c.objc; path = "NSString+OptixAdditions.m"; sourceTree = "<group>"; };
		B680D95DF4305CD4CEC4A19D /* BinaryChunksParser.h */ = {isa = PBXFileReference; fileEncoding = 4; lastKnownFileType = sourcecode.c.h; name = BinaryChunksParser.h; path = HDWitness/BinaryChunksParser.h; sourceTree = "<group>"; };
		B680D99D7AAC42BE40DC4478 /* HDWCompatibilityItems.m */ = {isa = PBXFileReference; fileEncoding = 4; lastKnownFileType = sourcecode.c.objc; path = HDWCompatibilityItems.m; sourceTree = "<group>"; };
		B680D9CAA855D99E58FE98BA /* icon_58x58.png */ = {isa = PBXFileReference; lastKnownFileType = image.png; path = icon_58x58.png; sourceTree = "<group>"; };
		B680D9EEACFC4ECED9139832 /* icon_72x72.png */ = {isa = PBXFileReference; lastKnownFileType = image.png; path = icon_72x72.png; sourceTree = "<group>"; };
		B680DA17B464921EC8DBE452 /* Default2-Landscape@2x~ipad.png */ = {isa = PBXFileReference; lastKnownFileType = image.png; path = "Default2-Landscape@2x~ipad.png"; sourceTree = "<group>"; };
		B680DA4D799C725F5D8E6784 /* Default2-Portrait~ipad.png */ = {isa = PBXFileReference; lastKnownFileType = image.png; path = "Default2-Portrait~ipad.png"; sourceTree = "<group>"; };
		B680DA50392E891476A5AE6C /* BusinessAction.pb.h */ = {isa = PBXFileReference; fileEncoding = 4; lastKnownFileType = sourcecode.c.h; path = BusinessAction.pb.h; sourceTree = "<group>"; };
		B680DA55E3864EE31D03C5F2 /* HDWAppDelegate.m */ = {isa = PBXFileReference; fileEncoding = 4; lastKnownFileType = sourcecode.c.objc; path = HDWAppDelegate.m; sourceTree = "<group>"; };
		B680DA9E8C0C56075EE66C48 /* Message.pb.h */ = {isa = PBXFileReference; fileEncoding = 4; lastKnownFileType = sourcecode.c.h; path = Message.pb.h; sourceTree = "<group>"; };
		B680DAC5D58B7CB25245BA7F /* HDWEventSource.h */ = {isa = PBXFileReference; fileEncoding = 4; lastKnownFileType = sourcecode.c.h; name = HDWEventSource.h; path = HDWitness/HDWEventSource.h; sourceTree = "<group>"; };
		B680DAD8C33A21EB7507F50F /* HDWGlobalData.m */ = {isa = PBXFileReference; fileEncoding = 4; lastKnownFileType = sourcecode.c.objc; path = HDWGlobalData.m; sourceTree = "<group>"; };
		B680DADAF0A449610B9A8084 /* HDWApiConnectInfo.m */ = {isa = PBXFileReference; fileEncoding = 4; lastKnownFileType = sourcecode.c.objc; path = HDWApiConnectInfo.m; sourceTree = "<group>"; };
		B680DAF43FA9A7829160AB0E /* HDWDetailViewController.m */ = {isa = PBXFileReference; fileEncoding = 4; lastKnownFileType = sourcecode.c.objc; path = HDWDetailViewController.m; sourceTree = "<group>"; };
		B680DB3D7C60943FA6AF1510 /* HDWitness-Prefix.pch */ = {isa = PBXFileReference; fileEncoding = 4; lastKnownFileType = sourcecode.c.h; path = "HDWitness-Prefix.pch"; sourceTree = "<group>"; };
		B680DB3F6FD40C30E1D7E777 /* HDWProtocol.m */ = {isa = PBXFileReference; fileEncoding = 4; lastKnownFileType = sourcecode.c.objc; name = HDWProtocol.m; path = HDWitness/HDWProtocol.m; sourceTree = "<group>"; };
		B680DB53FF7B625E3D9D945F /* HDWUUID.h */ = {isa = PBXFileReference; fileEncoding = 4; lastKnownFileType = sourcecode.c.h; path = HDWUUID.h; sourceTree = "<group>"; };
		B680DB5F1AF60F0CD4F2DC55 /* Server.pb.h */ = {isa = PBXFileReference; fileEncoding = 4; lastKnownFileType = sourcecode.c.h; path = Server.pb.h; sourceTree = "<group>"; };
		B680DB8A7E08BB28B224D6E4 /* NSString+Base64.h */ = {isa = PBXFileReference; fileEncoding = 4; lastKnownFileType = sourcecode.c.h; path = "NSString+Base64.h"; sourceTree = "<group>"; };
		B680DBC520F4A5920F7287E8 /* BusinessRule.pb.m */ = {isa = PBXFileReference; fileEncoding = 4; lastKnownFileType = sourcecode.c.objc; path = BusinessRule.pb.m; sourceTree = "<group>"; };
		B680DBC785BE5B9A889650B5 /* icon_57x57.png */ = {isa = PBXFileReference; lastKnownFileType = image.png; path = icon_57x57.png; sourceTree = "<group>"; };
		B680DBC7EB3015D60ED93BEB /* Ms_recordedTimePeriod.pb.h */ = {isa = PBXFileReference; fileEncoding = 4; lastKnownFileType = sourcecode.c.h; path = Ms_recordedTimePeriod.pb.h; sourceTree = "<group>"; };
		B680DBD3D94A571E5F2A3A8B /* Default-Portrait~ipad.png */ = {isa = PBXFileReference; lastKnownFileType = image.png; path = "Default-Portrait~ipad.png"; sourceTree = "<group>"; };
		B680DBD77BE234A51C8C5D69 /* Resource.pb.h */ = {isa = PBXFileReference; fileEncoding = 4; lastKnownFileType = sourcecode.c.h; path = Resource.pb.h; sourceTree = "<group>"; };
		B680DBDC64D036F0100ACE55 /* HDWQualityHelper.h */ = {isa = PBXFileReference; fileEncoding = 4; lastKnownFileType = sourcecode.c.h; path = HDWQualityHelper.h; sourceTree = "<group>"; };
		B680DC038340A4C8536A0C13 /* HDWLiveStreamingViewAdapter.m */ = {isa = PBXFileReference; fileEncoding = 4; lastKnownFileType = sourcecode.c.objc; path = HDWLiveStreamingViewAdapter.m; sourceTree = "<group>"; };
		B680DC35024A6A000C3FD954 /* HDWEventSource.m */ = {isa = PBXFileReference; fileEncoding = 4; lastKnownFileType = sourcecode.c.objc; name = HDWEventSource.m; path = HDWitness/HDWEventSource.m; sourceTree = "<group>"; };
		B680DC6AED57C5ECC8FB6A5A /* HDWVideoViewController.m */ = {isa = PBXFileReference; fileEncoding = 4; lastKnownFileType = sourcecode.c.objc; path = HDWVideoViewController.m; sourceTree = "<group>"; };
		B680DC6CFF05B37E0362D245 /* icon_40x40.png */ = {isa = PBXFileReference; lastKnownFileType = image.png; path = icon_40x40.png; sourceTree = "<group>"; };
		B680DC72E73751D9C6E9A75B /* HDWMasterViewController.m */ = {isa = PBXFileReference; fileEncoding = 4; lastKnownFileType = sourcecode.c.objc; path = HDWMasterViewController.m; sourceTree = "<group>"; };
		B680DC85A3A4D3834025A522 /* Connectinfo.pb.m */ = {isa = PBXFileReference; fileEncoding = 4; lastKnownFileType = sourcecode.c.objc; path = Connectinfo.pb.m; sourceTree = "<group>"; };
		B680DC947B5A123FF4391A49 /* icon_50x50.png */ = {isa = PBXFileReference; lastKnownFileType = image.png; path = icon_50x50.png; sourceTree = "<group>"; };
		B680DCAA45E5A5A8A1579A10 /* HDWCalendarViewController.m */ = {isa = PBXFileReference; fileEncoding = 4; lastKnownFileType = sourcecode.c.objc; path = HDWCalendarViewController.m; sourceTree = "<group>"; };
		B680DCABD43965F5A7EFF921 /* icon_152x152.png */ = {isa = PBXFileReference; lastKnownFileType = image.png; path = icon_152x152.png; sourceTree = "<group>"; };
		B680DCD51483A044857E2A15 /* HDWURLBuilder.h */ = {isa = PBXFileReference; fileEncoding = 4; lastKnownFileType = sourcecode.c.h; path = HDWURLBuilder.h; sourceTree = "<group>"; };
		B680DCE991250FCB096C7742 /* Default-Landscape~ipad.png */ = {isa = PBXFileReference; lastKnownFileType = image.png; path = "Default-Landscape~ipad.png"; sourceTree = "<group>"; };
		B680DCEA020B72CE3F1D3088 /* HDWApiConnectInfo.h */ = {isa = PBXFileReference; fileEncoding = 4; lastKnownFileType = sourcecode.c.h; path = HDWApiConnectInfo.h; sourceTree = "<group>"; };
		B680DD3CF372EE15ADF314D7 /* Resource.pb.m */ = {isa = PBXFileReference; fileEncoding = 4; lastKnownFileType = sourcecode.c.objc; path = Resource.pb.m; sourceTree = "<group>"; };
		B680DD502B9A928800A377E3 /* Camera.pb.h */ = {isa = PBXFileReference; fileEncoding = 4; lastKnownFileType = sourcecode.c.h; path = Camera.pb.h; sourceTree = "<group>"; };
		B680DD58477795BE8F68AC01 /* Compatibility.pb.h */ = {isa = PBXFileReference; fileEncoding = 4; lastKnownFileType = sourcecode.c.h; path = Compatibility.pb.h; sourceTree = "<group>"; };
		B680DD66F15D4FE85D4EA193 /* icon_512x512.png */ = {isa = PBXFileReference; lastKnownFileType = image.png; path = icon_512x512.png; sourceTree = "<group>"; };
		B680DDD3D20BFC90809310D8 /* server_offline.png */ = {isa = PBXFileReference; lastKnownFileType = image.png; path = server_offline.png; sourceTree = "<group>"; };
		B680DDD506350B41490F8B5A /* Default2-Landscape~ipad.png */ = {isa = PBXFileReference; lastKnownFileType = image.png; path = "Default2-Landscape~ipad.png"; sourceTree = "<group>"; };
		B680DDF13F62B071E08CAF08 /* HDWCameraModel.h */ = {isa = PBXFileReference; fileEncoding = 4; lastKnownFileType = sourcecode.c.h; path = HDWCameraModel.h; sourceTree = "<group>"; };
		B680DE072F36B173A9CDEAD2 /* HDWJSONProtocolImpl.h */ = {isa = PBXFileReference; fileEncoding = 4; lastKnownFileType = sourcecode.c.h; name = HDWJSONProtocolImpl.h; path = HDWitness/HDWJSONProtocolImpl.h; sourceTree = "<group>"; };
		B680DE0BE156F8E9CF5EBCAC /* camera.png */ = {isa = PBXFileReference; lastKnownFileType = image.png; path = camera.png; sourceTree = "<group>"; };
		B680DE366FA3FF97622DBDF5 /* Settings.bundle */ = {isa = PBXFileReference; lastKnownFileType = "wrapper.plug-in"; path = Settings.bundle; sourceTree = SOURCE_ROOT; };
		B680DE5C9FF1EE66A1B57E42 /* Default.png */ = {isa = PBXFileReference; lastKnownFileType = image.png; path = Default.png; sourceTree = "<group>"; };
		B680DE6EF316A3C41C4157E7 /* HDWLegacyStreamParser.m */ = {isa = PBXFileReference; fileEncoding = 4; lastKnownFileType = sourcecode.c.objc; name = HDWLegacyStreamParser.m; path = HDWitness/HDWLegacyStreamParser.m; sourceTree = "<group>"; };
		B680DE73882D79EF4EC91D14 /* HDWQueue.m */ = {isa = PBXFileReference; fileEncoding = 4; lastKnownFileType = sourcecode.c.objc; path = HDWQueue.m; sourceTree = "<group>"; };
		B680DEE134612CB7CE37F399 /* icon_120x120.png */ = {isa = PBXFileReference; lastKnownFileType = image.png; path = icon_120x120.png; sourceTree = "<group>"; };
		B680DF43CFFA4B6C2501D1F9 /* BusinessAction.pb.m */ = {isa = PBXFileReference; fileEncoding = 4; lastKnownFileType = sourcecode.c.objc; path = BusinessAction.pb.m; sourceTree = "<group>"; };
		B680DFA06E908CCCA96FAC91 /* HDWOrderedDictionary.m */ = {isa = PBXFileReference; fileEncoding = 4; lastKnownFileType = sourcecode.c.objc; path = HDWOrderedDictionary.m; sourceTree = "<group>"; };
		B680DFA6CF79E335D4DFBB50 /* Default-568h@2x.png */ = {isa = PBXFileReference; lastKnownFileType = image.png; path = "Default-568h@2x.png"; sourceTree = "<group>"; };
		C70CEB551720B6AA00110C7A /* libProtocolBuffers.a */ = {isa = PBXFileReference; lastKnownFileType = archive.ar; name = libProtocolBuffers.a; path = "ProtocolBuffers/build/Release-iphoneos/libProtocolBuffers.a"; sourceTree = "<group>"; };
		C71282E01B5DFDAD00B7B4BC /* pl */ = {isa = PBXFileReference; lastKnownFileType = text.plist.strings; name = pl; path = pl.lproj/Localizable.strings; sourceTree = "<group>"; };
		C715506C18326A2900030012 /* user_permissions.h */ = {isa = PBXFileReference; fileEncoding = 4; lastKnownFileType = sourcecode.c.h; name = user_permissions.h; path = ../../common/src/user_permissions.h; sourceTree = "<group>"; };
		C71831591AF16A3C0084AD5A /* multipart_parser.h */ = {isa = PBXFileReference; fileEncoding = 4; lastKnownFileType = sourcecode.c.h; path = multipart_parser.h; sourceTree = "<group>"; };
		C718315A1AF16A3C0084AD5A /* multipart_parser.c */ = {isa = PBXFileReference; fileEncoding = 4; lastKnownFileType = sourcecode.c.c; path = multipart_parser.c; sourceTree = "<group>"; };
		C718315C1AF16A500084AD5A /* HDWMultipartStreamParser.h */ = {isa = PBXFileReference; fileEncoding = 4; lastKnownFileType = sourcecode.c.h; name = HDWMultipartStreamParser.h; path = HDWitness/HDWMultipartStreamParser.h; sourceTree = "<group>"; };
		C718315D1AF16A500084AD5A /* HDWMultipartStreamParser.m */ = {isa = PBXFileReference; fileEncoding = 4; lastKnownFileType = sourcecode.c.objc; name = HDWMultipartStreamParser.m; path = HDWitness/HDWMultipartStreamParser.m; sourceTree = "<group>"; };
		C718315F1AF1843B0084AD5A /* HDWStreamParser.h */ = {isa = PBXFileReference; lastKnownFileType = sourcecode.c.h; path = HDWStreamParser.h; sourceTree = "<group>"; };
		C71D5AF016ADBB9600C764B5 /* DWSpectrum.app */ = {isa = PBXFileReference; explicitFileType = wrapper.application; includeInIndex = 0; path = DWSpectrum.app; sourceTree = BUILT_PRODUCTS_DIR; };
		C71D5AF416ADBB9600C764B5 /* UIKit.framework */ = {isa = PBXFileReference; lastKnownFileType = wrapper.framework; name = UIKit.framework; path = System/Library/Frameworks/UIKit.framework; sourceTree = SDKROOT; };
		C71D5AF616ADBB9600C764B5 /* Foundation.framework */ = {isa = PBXFileReference; lastKnownFileType = wrapper.framework; name = Foundation.framework; path = System/Library/Frameworks/Foundation.framework; sourceTree = SDKROOT; };
		C71D5AF816ADBB9600C764B5 /* CoreGraphics.framework */ = {isa = PBXFileReference; lastKnownFileType = wrapper.framework; name = CoreGraphics.framework; path = System/Library/Frameworks/CoreGraphics.framework; sourceTree = SDKROOT; };
		C71D5B1D16ADBB9600C764B5 /* HDWitnessTests.xctest */ = {isa = PBXFileReference; explicitFileType = wrapper.cfbundle; includeInIndex = 0; path = HDWitnessTests.xctest; sourceTree = BUILT_PRODUCTS_DIR; };
		C71D5B2616ADBB9600C764B5 /* HDWitnessTests-Info.plist */ = {isa = PBXFileReference; lastKnownFileType = text.plist.xml; path = "HDWitnessTests-Info.plist"; sourceTree = "<group>"; };
		C721632819BC5CEE00DC84DA /* HDWQualitySelectionTests.m */ = {isa = PBXFileReference; fileEncoding = 4; lastKnownFileType = sourcecode.c.objc; path = HDWQualitySelectionTests.m; sourceTree = "<group>"; };
		C721632A19BC777D00DC84DA /* XCTest.framework */ = {isa = PBXFileReference; lastKnownFileType = wrapper.framework; name = XCTest.framework; path = Library/Frameworks/XCTest.framework; sourceTree = DEVELOPER_DIR; };
		C734D6881900FC9B00ACC849 /* CoreMedia.framework */ = {isa = PBXFileReference; lastKnownFileType = wrapper.framework; name = CoreMedia.framework; path = System/Library/Frameworks/CoreMedia.framework; sourceTree = SDKROOT; };
		C73CDDA61B4DE24600A5CAB8 /* de */ = {isa = PBXFileReference; lastKnownFileType = text.plist.strings; name = de; path = de.lproj/Localizable.strings; sourceTree = "<group>"; };
		C73CDDA71B4DE28800A5CAB8 /* es */ = {isa = PBXFileReference; lastKnownFileType = text.plist.strings; name = es; path = es.lproj/Localizable.strings; sourceTree = "<group>"; };
		C73CDDA81B4DE29300A5CAB8 /* fr */ = {isa = PBXFileReference; lastKnownFileType = text.plist.strings; name = fr; path = fr.lproj/Localizable.strings; sourceTree = "<group>"; };
		C73CDDA91B4DE29D00A5CAB8 /* ja */ = {isa = PBXFileReference; lastKnownFileType = text.plist.strings; name = ja; path = ja.lproj/Localizable.strings; sourceTree = "<group>"; };
		C73CDDAA1B4DE2A700A5CAB8 /* ko */ = {isa = PBXFileReference; lastKnownFileType = text.plist.strings; name = ko; path = ko.lproj/Localizable.strings; sourceTree = "<group>"; };
		C73CDDAB1B4DE2C100A5CAB8 /* th */ = {isa = PBXFileReference; lastKnownFileType = text.plist.strings; name = th; path = th.lproj/Localizable.strings; sourceTree = "<group>"; };
		C73CDDAC1B4DE2C500A5CAB8 /* vi */ = {isa = PBXFileReference; lastKnownFileType = text.plist.strings; name = vi; path = vi.lproj/Localizable.strings; sourceTree = "<group>"; };
		C73CDDAD1B4DE56700A5CAB8 /* zh-Hans */ = {isa = PBXFileReference; lastKnownFileType = text.plist.strings; name = "zh-Hans"; path = "zh-Hans.lproj/Localizable.strings"; sourceTree = "<group>"; };
		C73CDDAE1B4DE57800A5CAB8 /* zh-Hant-TW */ = {isa = PBXFileReference; lastKnownFileType = text.plist.strings; name = "zh-Hant-TW"; path = "zh-Hant-TW.lproj/Localizable.strings"; sourceTree = "<group>"; };
		C7484C44170F11D800A589CE /* QuartzCore.framework */ = {isa = PBXFileReference; lastKnownFileType = wrapper.framework; name = QuartzCore.framework; path = System/Library/Frameworks/QuartzCore.framework; sourceTree = SDKROOT; };
		C7544AD118F7E0A900B6E704 /* AVFoundation.framework */ = {isa = PBXFileReference; lastKnownFileType = wrapper.framework; name = AVFoundation.framework; path = System/Library/Frameworks/AVFoundation.framework; sourceTree = SDKROOT; };
		C75832F11B8FF2D50004C878 /* HDWHTTPRequestOperation.h */ = {isa = PBXFileReference; fileEncoding = 4; lastKnownFileType = sourcecode.c.h; path = HDWHTTPRequestOperation.h; sourceTree = "<group>"; };
		C75832F21B8FF2D50004C878 /* HDWHTTPRequestOperation.m */ = {isa = PBXFileReference; fileEncoding = 4; lastKnownFileType = sourcecode.c.objc; path = HDWHTTPRequestOperation.m; sourceTree = "<group>"; };
		C75E18841B43951D00A9CE78 /* Base.lproj/MainStoryboard_iPad.storyboard */ = {isa = PBXFileReference; fileEncoding = 4; lastKnownFileType = file.storyboard; path = Base.lproj/MainStoryboard_iPad.storyboard; sourceTree = "<group>"; };
		C75E18851B43951D00A9CE78 /* Base.lproj/MainStoryboard_iPhone.storyboard */ = {isa = PBXFileReference; fileEncoding = 4; lastKnownFileType = file.storyboard; path = Base.lproj/MainStoryboard_iPhone.storyboard; sourceTree = "<group>"; };
		C7608F3E1B03E4AF00B88EA3 /* en */ = {isa = PBXFileReference; lastKnownFileType = text.plist.strings; name = en; path = en.lproj/Localizable.strings; sourceTree = "<group>"; };
		C764ABD21BCEE7CA00254334 /* he */ = {isa = PBXFileReference; lastKnownFileType = text.plist.strings; name = he; path = he.lproj/Localizable.strings; sourceTree = "<group>"; };
		C766E9F91A8D0EFE000C50C2 /* CoreVideo.framework */ = {isa = PBXFileReference; lastKnownFileType = wrapper.framework; name = CoreVideo.framework; path = System/Library/Frameworks/CoreVideo.framework; sourceTree = SDKROOT; };
		C766E9FB1A8D0F09000C50C2 /* OpenGLES.framework */ = {isa = PBXFileReference; lastKnownFileType = wrapper.framework; name = OpenGLES.framework; path = System/Library/Frameworks/OpenGLES.framework; sourceTree = SDKROOT; };
		C766E9FD1A8E4156000C50C2 /* HDWResolution.h */ = {isa = PBXFileReference; fileEncoding = 4; lastKnownFileType = sourcecode.c.h; path = HDWResolution.h; sourceTree = "<group>"; };
		C766E9FE1A8E4156000C50C2 /* HDWResolution.m */ = {isa = PBXFileReference; fileEncoding = 4; lastKnownFileType = sourcecode.c.objc; path = HDWResolution.m; sourceTree = "<group>"; };
		C76FA6A91B9A55FE0094E6E0 /* hu */ = {isa = PBXFileReference; lastKnownFileType = text.plist.strings; name = hu; path = hu.lproj/Localizable.strings; sourceTree = "<group>"; };
		C76FA6AA1B9FB2610094E6E0 /* HDWECSConfig.h */ = {isa = PBXFileReference; fileEncoding = 4; lastKnownFileType = sourcecode.c.h; path = HDWECSConfig.h; sourceTree = "<group>"; };
		C76FA6AB1B9FB2610094E6E0 /* HDWECSConfig.m */ = {isa = PBXFileReference; fileEncoding = 4; lastKnownFileType = sourcecode.c.objc; path = HDWECSConfig.m; sourceTree = "<group>"; };
		C79888C71A7D052000397179 /* HDWSetTest.m */ = {isa = PBXFileReference; fileEncoding = 4; lastKnownFileType = sourcecode.c.objc; path = HDWSetTest.m; sourceTree = "<group>"; };
		C79888C91A7D0D8600397179 /* HDWSet.h */ = {isa = PBXFileReference; fileEncoding = 4; lastKnownFileType = sourcecode.c.h; path = HDWSet.h; sourceTree = "<group>"; };
		C79888CA1A7D0D8600397179 /* HDWSet.mm */ = {isa = PBXFileReference; fileEncoding = 4; lastKnownFileType = sourcecode.cpp.objcpp; path = HDWSet.mm; sourceTree = "<group>"; };
		C79888CC1A7D239A00397179 /* HDWMap.h */ = {isa = PBXFileReference; fileEncoding = 4; lastKnownFileType = sourcecode.c.h; path = HDWMap.h; sourceTree = "<group>"; };
		C79888CD1A7D239A00397179 /* HDWMap.mm */ = {isa = PBXFileReference; fileEncoding = 4; lastKnownFileType = sourcecode.cpp.objcpp; path = HDWMap.mm; sourceTree = "<group>"; };
		C79888CF1A7D289000397179 /* HDWMapTest.m */ = {isa = PBXFileReference; fileEncoding = 4; lastKnownFileType = sourcecode.c.objc; path = HDWMapTest.m; sourceTree = "<group>"; };
		C7AE94241C8A1D0300F32CBF /* tr-TR */ = {isa = PBXFileReference; lastKnownFileType = text.plist.strings; name = "tr-TR"; path = "tr-TR.lproj/Localizable.strings"; sourceTree = "<group>"; };
		C7BBA54B18324B8B00F842A2 /* version.h */ = {isa = PBXFileReference; fileEncoding = 4; lastKnownFileType = sourcecode.c.h; name = version.h; path = ../target/version.h; sourceTree = "<group>"; };
		C7D1CD241C28D46C00C99A84 /* NxWitness.entitlements */ = {isa = PBXFileReference; lastKnownFileType = text.xml; path = NxWitness.entitlements; sourceTree = "<group>"; };
		C7D765CD1925092700D9DB38 /* MediaPlayer.framework */ = {isa = PBXFileReference; lastKnownFileType = wrapper.framework; name = MediaPlayer.framework; path = System/Library/Frameworks/MediaPlayer.framework; sourceTree = SDKROOT; };
		C7E75E601819857400071E80 /* MessageUI.framework */ = {isa = PBXFileReference; lastKnownFileType = wrapper.framework; name = MessageUI.framework; path = System/Library/Frameworks/MessageUI.framework; sourceTree = SDKROOT; };
		C7ED775A1A7D824C002B8560 /* HDWCameraAccessor.h */ = {isa = PBXFileReference; lastKnownFileType = sourcecode.c.h; path = HDWCameraAccessor.h; sourceTree = "<group>"; };
		FDC7FBF8A061F15D17D0B1AD /* Pods.release.xcconfig */ = {isa = PBXFileReference; includeInIndex = 1; lastKnownFileType = text.xcconfig; name = Pods.release.xcconfig; path = "../Pods/Target Support Files/Pods/Pods.release.xcconfig"; sourceTree = "<group>"; };
/* End PBXFileReference section */

/* Begin PBXFrameworksBuildPhase section */
		C71D5AED16ADBB9600C764B5 /* Frameworks */ = {
			isa = PBXFrameworksBuildPhase;
			buildActionMask = 2147483647;
			files = (
				C766E9FC1A8D0F09000C50C2 /* OpenGLES.framework in Frameworks */,
				C766E9FA1A8D0EFE000C50C2 /* CoreVideo.framework in Frameworks */,
				C7D765CE1925092700D9DB38 /* MediaPlayer.framework in Frameworks */,
				C734D6891900FC9B00ACC849 /* CoreMedia.framework in Frameworks */,
				C7544AD218F7E0A900B6E704 /* AVFoundation.framework in Frameworks */,
				C7E75E611819857400071E80 /* MessageUI.framework in Frameworks */,
				C7484C45170F11D800A589CE /* QuartzCore.framework in Frameworks */,
				C71D5AF516ADBB9600C764B5 /* UIKit.framework in Frameworks */,
				C71D5AF716ADBB9600C764B5 /* Foundation.framework in Frameworks */,
				C71D5AF916ADBB9600C764B5 /* CoreGraphics.framework in Frameworks */,
				B06EA63F6EA34C03AB9C9B6A /* libPods.a in Frameworks */,
			);
			runOnlyForDeploymentPostprocessing = 0;
		};
		C71D5B1916ADBB9600C764B5 /* Frameworks */ = {
			isa = PBXFrameworksBuildPhase;
			buildActionMask = 2147483647;
			files = (
				C721632C19BC77AD00DC84DA /* XCTest.framework in Frameworks */,
				C71D5B2016ADBB9600C764B5 /* UIKit.framework in Frameworks */,
				C71D5B2116ADBB9600C764B5 /* Foundation.framework in Frameworks */,
			);
			runOnlyForDeploymentPostprocessing = 0;
		};
/* End PBXFrameworksBuildPhase section */

/* Begin PBXGroup section */
		B680D03F2F337203D48E34DF /* Supporting Files */ = {
			isa = PBXGroup;
			children = (
				B680D6C95B2D85F01A9B700B /* HDWitness-Info.plist */,
				B680D3924AF84253663B5D2C /* main.m */,
				B680DB3D7C60943FA6AF1510 /* HDWitness-Prefix.pch */,
				B680D32CCCE5398F918607DC /* HDWitness.xcconfig */,
			);
			name = "Supporting Files";
			sourceTree = "<group>";
		};
		B680D3E716CF3E9D92CA374B /* images */ = {
			isa = PBXGroup;
			children = (
				B680DA17B464921EC8DBE452 /* Default2-Landscape@2x~ipad.png */,
				B680DDD506350B41490F8B5A /* Default2-Landscape~ipad.png */,
				B680D84215C2D80478099ECF /* Default2-Portrait@2x~ipad.png */,
				B680DA4D799C725F5D8E6784 /* Default2-Portrait~ipad.png */,
				B680D5DD3ED04494A11641A4 /* icon_29x29.png */,
				B680DC6CFF05B37E0362D245 /* icon_40x40.png */,
				B680DC947B5A123FF4391A49 /* icon_50x50.png */,
				B680D9CAA855D99E58FE98BA /* icon_58x58.png */,
				B680D2B254A85D0B6AB0732F /* icon_76x76.png */,
				B680D2AE82309C190B919332 /* icon_80x80.png */,
				B680D3396F088E9FF4AC46D7 /* icon_100x100.png */,
				B680DEE134612CB7CE37F399 /* icon_120x120.png */,
				B680DCABD43965F5A7EFF921 /* icon_152x152.png */,
				B680DD66F15D4FE85D4EA193 /* icon_512x512.png */,
				B680D07624740BF4C8A6A00F /* icon_1024x1024.png */,
				B680D54577E34BB2AD5ADFF1 /* gears.png */,
				B680D43F51BA6087BA3298EF /* icon_144x144.png */,
				B680D9EEACFC4ECED9139832 /* icon_72x72.png */,
				B680D05B5DB348BD15913865 /* icon_114x114.png */,
				B680DBC785BE5B9A889650B5 /* icon_57x57.png */,
				B680D303AF662BF08B5BDCAC /* Default-Landscape@2x~ipad.png */,
				B680DCE991250FCB096C7742 /* Default-Landscape~ipad.png */,
				B680D7842D638E2A7BEB07BD /* Default-Portrait@2x~ipad.png */,
				B680DBD3D94A571E5F2A3A8B /* Default-Portrait~ipad.png */,
				B680DFA6CF79E335D4DFBB50 /* Default-568h@2x.png */,
				B680D7E3245D0463FACB01A0 /* Default@2x.png */,
				B680DE5C9FF1EE66A1B57E42 /* Default.png */,
				B680D9369845A3152133E456 /* server.png */,
				B680DDD3D20BFC90809310D8 /* server_offline.png */,
				B680D361C197425AAF138346 /* camera_unauthorized.png */,
				B680DE0BE156F8E9CF5EBCAC /* camera.png */,
				B680D3059B048B3B0C51AA10 /* camera_offline.png */,
			);
			name = images;
			path = ../../target/images;
			sourceTree = "<group>";
		};
		B680D4D00E2B04128C9741D7 /* proto */ = {
			isa = PBXGroup;
			children = (
				B680DA50392E891476A5AE6C /* BusinessAction.pb.h */,
				B680D0B4E5462963295B0692 /* BusinessCommon.pb.h */,
				B680D22BD72C923D3B01D0E4 /* BusinessRule.pb.h */,
				B680DD502B9A928800A377E3 /* Camera.pb.h */,
				B680D23BA70D5D41335ED107 /* CameraServerItem.pb.h */,
				B680DD58477795BE8F68AC01 /* Compatibility.pb.h */,
				B680D144F6D112F0EB532F7C /* Connectinfo.pb.h */,
				B680D6D5896A5ABF3802711F /* Kvpair.pb.h */,
				B680D5EEFC1DF45AD7051E47 /* Layout.pb.h */,
				B680D0F0CC5A6B20992EE713 /* License.pb.h */,
				B680DA9E8C0C56075EE66C48 /* Message.pb.h */,
				B680DBC7EB3015D60ED93BEB /* Ms_recordedTimePeriod.pb.h */,
				B680DBD77BE234A51C8C5D69 /* Resource.pb.h */,
				B680D4D51D50767898B296A6 /* ResourceType.pb.h */,
				B680DB5F1AF60F0CD4F2DC55 /* Server.pb.h */,
				B680D26AF0696B55DE91ACA4 /* Setting.pb.h */,
				B680D8FE5E735F1DFC1FB35C /* User.pb.h */,
				B680DF43CFFA4B6C2501D1F9 /* BusinessAction.pb.m */,
				B680D0FDB88D9816797B456D /* BusinessCommon.pb.m */,
				B680DBC520F4A5920F7287E8 /* BusinessRule.pb.m */,
				B680D046C74817A26B4B7E55 /* Camera.pb.m */,
				B680D3B823D2570A87670741 /* CameraServerItem.pb.m */,
				B680D3AFE04FEA8CF45D8B09 /* Compatibility.pb.m */,
				B680DC85A3A4D3834025A522 /* Connectinfo.pb.m */,
				B680D8248433D2C2BA6FC2A8 /* Kvpair.pb.m */,
				B680D55D0F88880B099BF854 /* Layout.pb.m */,
				B680D77C2390A20FF94EC2AB /* License.pb.m */,
				B680D870B341D23CDE3ACAA9 /* Message.pb.m */,
				B680D8810E640ED4F0073F5B /* Ms_recordedTimePeriod.pb.m */,
				B680DD3CF372EE15ADF314D7 /* Resource.pb.m */,
				B680D7E94FA522C5EE53CD86 /* ResourceType.pb.m */,
				B680D468843D8986B2B4C014 /* Server.pb.m */,
				B680D3FA2940E2A6A1BE22E2 /* Setting.pb.m */,
				B680D8E1F81E6F049EC02F48 /* User.pb.m */,
			);
			name = proto;
			path = HDWitness/pb2;
			sourceTree = "<group>";
		};
		B680D643CCB1F73A17216978 /* json */ = {
			isa = PBXGroup;
			children = (
				B680DE072F36B173A9CDEAD2 /* HDWJSONProtocolImpl.h */,
				B680D8865FA1A61BE177C368 /* HDWJSONProtocolImpl.m */,
			);
			name = json;
			sourceTree = "<group>";
		};
		B680D779F69A8418BAEDA145 /* HDWitness */ = {
			isa = PBXGroup;
			children = (
				C7D1CD241C28D46C00C99A84 /* NxWitness.entitlements */,
				C75E18841B43951D00A9CE78 /* Base.lproj/MainStoryboard_iPad.storyboard */,
				C75E18851B43951D00A9CE78 /* Base.lproj/MainStoryboard_iPhone.storyboard */,
				B680DE366FA3FF97622DBDF5 /* Settings.bundle */,
				B680DCE49FBA406C52286F93 /* video */,
				B680DD1EF7C79383DFE90A09 /* util */,
				B680D7C89B19F66674517BE4 /* protocol */,
				B680DE3B189618D33E3D0B60 /* compatibility */,
				B680D93AC138CA779958BFA3 /* model */,
				B680D11CA21F8C675EE27F38 /* HDWAppDelegate.h */,
				B680DA55E3864EE31D03C5F2 /* HDWAppDelegate.m */,
				B680DC72E73751D9C6E9A75B /* HDWMasterViewController.m */,
				B680D4131538339B43AE960E /* HDWMasterViewController.h */,
				B680D8F29911CF6D179A689E /* HDWECSViewController.h */,
				B680D5DA8E24EC6686FA432F /* HDWECSViewController.m */,
				B680D194A61025B496451B21 /* HDWDetailViewController.h */,
				B680DAF43FA9A7829160AB0E /* HDWDetailViewController.m */,
				B680D3DD6BBDF15204AEB6C7 /* HDWCollectionViewCell.h */,
				B680D16B76D53CB4262BB814 /* HDWCollectionViewCell.m */,
				B680D6D6EB626F7059A3B064 /* HDWVideoViewController.h */,
				B680DC6AED57C5ECC8FB6A5A /* HDWVideoViewController.m */,
				B680D1E457EC5B338DD486E1 /* HDWCalendarViewController.h */,
				B680DCAA45E5A5A8A1579A10 /* HDWCalendarViewController.m */,
				B680D7498893220CFE93DEE1 /* HDWOptixVideoView.h */,
				B680D8BA5BCD5BF8BFFE449A /* HDWOptixVideoView.m */,
				B680DBDC64D036F0100ACE55 /* HDWQualityHelper.h */,
				B680D285CF018C11495D7894 /* HDWQualityHelper.m */,
				B680D074801AFB95E65428CE /* Config.h */,
				B680D60F8414C22FDBC80916 /* HDWModelVisitor.h */,
				B680D889B2CF1FA027501F9F /* HDWModelVisibilityVisitor.h */,
				B680D22B8966BBF3125A0009 /* HDWModelVisibilityVisitor.m */,
				B680D6534DF20D977518A1A3 /* HDWModelEvent.h */,
				B680D834E89248EACF7661E9 /* HDWModelEvent.m */,
				B680D62925715D656005F7F6 /* HDWGlobalData.h */,
				B680DAD8C33A21EB7507F50F /* HDWGlobalData.m */,
				B680DCD51483A044857E2A15 /* HDWURLBuilder.h */,
				B680D1E16D0E7ABF90B210C5 /* HDWURLBuilder.m */,
				B680D3E716CF3E9D92CA374B /* images */,
				B680D03F2F337203D48E34DF /* Supporting Files */,
				B680D2CB757A81BAD7AEA99B /* Localizable.strings */,
				B680D2F33CFE1BF50EEB37B2 /* HDWitness-Prefix.pch */,
				C7ED775A1A7D824C002B8560 /* HDWCameraAccessor.h */,
				C75832F11B8FF2D50004C878 /* HDWHTTPRequestOperation.h */,
				C75832F21B8FF2D50004C878 /* HDWHTTPRequestOperation.m */,
			);
			path = HDWitness;
			sourceTree = "<group>";
		};
		B680D7C89B19F66674517BE4 /* protocol */ = {
			isa = PBXGroup;
			children = (
				C718315F1AF1843B0084AD5A /* HDWStreamParser.h */,
				B680D12C20B3EB49D7160A0F /* HDWLegacyStreamParser.h */,
				B680DE6EF316A3C41C4157E7 /* HDWLegacyStreamParser.m */,
				C718315C1AF16A500084AD5A /* HDWMultipartStreamParser.h */,
				C718315D1AF16A500084AD5A /* HDWMultipartStreamParser.m */,
				B680D95DF4305CD4CEC4A19D /* BinaryChunksParser.h */,
				B680D478A84714C256F9D202 /* BinaryChunksParser.mm */,
				B680DAC5D58B7CB25245BA7F /* HDWEventSource.h */,
				B680DC35024A6A000C3FD954 /* HDWEventSource.m */,
				B680D35271FFB6A1B95304EA /* HDWProtocol.h */,
				B680DB3F6FD40C30E1D7E777 /* HDWProtocol.m */,
				B680D643CCB1F73A17216978 /* json */,
				B680D916CEB22827E70B72CF /* pb2 */,
			);
			name = protocol;
			path = ../../HDWitness;
			sourceTree = "<group>";
		};
		B680D916CEB22827E70B72CF /* pb2 */ = {
			isa = PBXGroup;
			children = (
				B680D56A68200781CA449B93 /* HDWPB2ProtocolImpl.h */,
				B680D5ACA95E4D0158DDEDAD /* HDWPB2ProtocolImpl.m */,
				B680D4D00E2B04128C9741D7 /* proto */,
			);
			name = pb2;
			sourceTree = "<group>";
		};
		B680D93AC138CA779958BFA3 /* model */ = {
			isa = PBXGroup;
			children = (
				B680DDF13F62B071E08CAF08 /* HDWCameraModel.h */,
				B680D48BF68E24DF487D2D31 /* HDWCameraModel.m */,
				B680DCEA020B72CE3F1D3088 /* HDWApiConnectInfo.h */,
				B680DADAF0A449610B9A8084 /* HDWApiConnectInfo.m */,
				C766E9FD1A8E4156000C50C2 /* HDWResolution.h */,
				C766E9FE1A8E4156000C50C2 /* HDWResolution.m */,
				C76FA6AA1B9FB2610094E6E0 /* HDWECSConfig.h */,
				C76FA6AB1B9FB2610094E6E0 /* HDWECSConfig.m */,
			);
			name = model;
			sourceTree = "<group>";
		};
		B680DCE49FBA406C52286F93 /* video */ = {
			isa = PBXGroup;
			children = (
				B680D813AF9E0D980E7AE09A /* MotionJpegImageView.h */,
				B680D70E955B455EF60BB5A6 /* MotionJpegImageView.mm */,
				B680D8709371C3257C284CC5 /* MotionJpegImageViewAdapter.h */,
				B680D449F995D2E19CFEF688 /* MotionJpegImageViewAdapter.m */,
				B680D3B0CFAF507AB149202C /* OVTPlayerLayerView.h */,
				B680D82C68FAE596A1E7377C /* OVTPlayerLayerView.m */,
				B680D85F3A586BCBFE072A64 /* HDWLiveStreamingViewAdapter.h */,
				B680DC038340A4C8536A0C13 /* HDWLiveStreamingViewAdapter.m */,
			);
			name = video;
			sourceTree = "<group>";
		};
		B680DD1EF7C79383DFE90A09 /* util */ = {
			isa = PBXGroup;
			children = (
				C71831591AF16A3C0084AD5A /* multipart_parser.h */,
				C718315A1AF16A3C0084AD5A /* multipart_parser.c */,
				B680D8E821ED47B119960CE5 /* HDWQueue.h */,
				B680DE73882D79EF4EC91D14 /* HDWQueue.m */,
				B680DB8A7E08BB28B224D6E4 /* NSString+Base64.h */,
				B680D570C3EA68F3657588F9 /* NSString+Base64.m */,
				B680D78A57371985962A6877 /* NSString+OptixAdditions.h */,
				B680D94ED34579A4697EE925 /* NSString+OptixAdditions.m */,
				B680D3887BE73F2C040D52FA /* HDWOrderedDictionary.h */,
				B680DFA06E908CCCA96FAC91 /* HDWOrderedDictionary.m */,
				B680DB53FF7B625E3D9D945F /* HDWUUID.h */,
				B680D703D458CCDE3FCF105B /* HDWUUID.m */,
				C79888C91A7D0D8600397179 /* HDWSet.h */,
				C79888CA1A7D0D8600397179 /* HDWSet.mm */,
				C79888CC1A7D239A00397179 /* HDWMap.h */,
				C79888CD1A7D239A00397179 /* HDWMap.mm */,
			);
			name = util;
			sourceTree = "<group>";
		};
		B680DE3B189618D33E3D0B60 /* compatibility */ = {
			isa = PBXGroup;
			children = (
				B680D479E2954E917301AF9A /* HDWCompatibility.h */,
				B680D7173CD7CC26132FCC8D /* HDWCompatibility.m */,
				B680D99D7AAC42BE40DC4478 /* HDWCompatibilityItems.m */,
			);
			name = compatibility;
			sourceTree = "<group>";
		};
		C4F51A647B21F44265152946 /* Pods */ = {
			isa = PBXGroup;
			children = (
				36BA322F332FB8CD10706884 /* Pods.debug.xcconfig */,
				FDC7FBF8A061F15D17D0B1AD /* Pods.release.xcconfig */,
			);
			name = Pods;
			sourceTree = "<group>";
		};
		C71D5AE516ADBB9600C764B5 = {
			isa = PBXGroup;
			children = (
				C715506C18326A2900030012 /* user_permissions.h */,
				C7BBA54B18324B8B00F842A2 /* version.h */,
				B680D779F69A8418BAEDA145 /* HDWitness */,
				C71D5B2416ADBB9600C764B5 /* HDWitnessTests */,
				C71D5AF316ADBB9600C764B5 /* Frameworks */,
				C71D5AF116ADBB9600C764B5 /* Products */,
				C4F51A647B21F44265152946 /* Pods */,
			);
			sourceTree = "<group>";
		};
		C71D5AF116ADBB9600C764B5 /* Products */ = {
			isa = PBXGroup;
			children = (
				C71D5AF016ADBB9600C764B5 /* DWSpectrum.app */,
				C71D5B1D16ADBB9600C764B5 /* HDWitnessTests.xctest */,
			);
			name = Products;
			sourceTree = "<group>";
		};
		C71D5AF316ADBB9600C764B5 /* Frameworks */ = {
			isa = PBXGroup;
			children = (
				C766E9FB1A8D0F09000C50C2 /* OpenGLES.framework */,
				C766E9F91A8D0EFE000C50C2 /* CoreVideo.framework */,
				C721632A19BC777D00DC84DA /* XCTest.framework */,
				C7D765CD1925092700D9DB38 /* MediaPlayer.framework */,
				C734D6881900FC9B00ACC849 /* CoreMedia.framework */,
				C7544AD118F7E0A900B6E704 /* AVFoundation.framework */,
				C7E75E601819857400071E80 /* MessageUI.framework */,
				C7484C44170F11D800A589CE /* QuartzCore.framework */,
				C71D5AF416ADBB9600C764B5 /* UIKit.framework */,
				C71D5AF616ADBB9600C764B5 /* Foundation.framework */,
				C71D5AF816ADBB9600C764B5 /* CoreGraphics.framework */,
				1381EE06ED874D8C96CB5F42 /* libPods.a */,
				C70CEB551720B6AA00110C7A /* libProtocolBuffers.a */,
			);
			name = Frameworks;
			sourceTree = "<group>";
		};
		C71D5B2416ADBB9600C764B5 /* HDWitnessTests */ = {
			isa = PBXGroup;
			children = (
				C71D5B2516ADBB9600C764B5 /* Supporting Files */,
				C721632819BC5CEE00DC84DA /* HDWQualitySelectionTests.m */,
				C79888C71A7D052000397179 /* HDWSetTest.m */,
				C79888CF1A7D289000397179 /* HDWMapTest.m */,
			);
			path = HDWitnessTests;
			sourceTree = "<group>";
		};
		C71D5B2516ADBB9600C764B5 /* Supporting Files */ = {
			isa = PBXGroup;
			children = (
				C71D5B2616ADBB9600C764B5 /* HDWitnessTests-Info.plist */,
			);
			name = "Supporting Files";
			sourceTree = "<group>";
		};
/* End PBXGroup section */

/* Begin PBXNativeTarget section */
		C71D5AEF16ADBB9600C764B5 /* HDWitness */ = {
			isa = PBXNativeTarget;
			buildConfigurationList = C71D5B2F16ADBB9600C764B5 /* Build configuration list for PBXNativeTarget "HDWitness" */;
			buildPhases = (
				C71D5AEC16ADBB9600C764B5 /* Sources */,
				C71D5AED16ADBB9600C764B5 /* Frameworks */,
				C71D5AEE16ADBB9600C764B5 /* Resources */,
				AE62E7FD64E64EFF95E8EAA5 /* Copy Pods Resources */,
				C7D38DB9171D8AEF00BDEFD3 /* ShellScript */,
				44E6F67DDA1A8DCD7646A2FE /* Embed Pods Frameworks */,
			);
			buildRules = (
				C7C3E20A1720A5D500E44579 /* PBXBuildRule */,
			);
			dependencies = (
			);
			name = HDWitness;
			productName = HDWitness;
			productReference = C71D5AF016ADBB9600C764B5 /* DWSpectrum.app */;
			productType = "com.apple.product-type.application";
		};
		C71D5B1C16ADBB9600C764B5 /* HDWitnessTests */ = {
			isa = PBXNativeTarget;
			buildConfigurationList = C71D5B3216ADBB9600C764B5 /* Build configuration list for PBXNativeTarget "HDWitnessTests" */;
			buildPhases = (
				C71D5B1816ADBB9600C764B5 /* Sources */,
				C71D5B1916ADBB9600C764B5 /* Frameworks */,
				C71D5B1A16ADBB9600C764B5 /* Resources */,
			);
			buildRules = (
			);
			dependencies = (
				C71D5B2316ADBB9600C764B5 /* PBXTargetDependency */,
			);
			name = HDWitnessTests;
			productName = HDWitnessTests;
			productReference = C71D5B1D16ADBB9600C764B5 /* HDWitnessTests.xctest */;
			productType = "com.apple.product-type.bundle.unit-test";
		};
/* End PBXNativeTarget section */

/* Begin PBXProject section */
		C71D5AE716ADBB9600C764B5 /* Project object */ = {
			isa = PBXProject;
			attributes = {
				CLASSPREFIX = HDW;
				LastUpgradeCheck = 0600;
				TargetAttributes = {
					C71D5AEF16ADBB9600C764B5 = {
						SystemCapabilities = {
							com.apple.ApplicationGroups.iOS = {
								enabled = 1;
							};
						};
					};
					C71D5B1C16ADBB9600C764B5 = {
						TestTargetID = C71D5AEF16ADBB9600C764B5;
					};
				};
			};
			buildConfigurationList = C71D5AEA16ADBB9600C764B5 /* Build configuration list for PBXProject "HDWitness" */;
			compatibilityVersion = "Xcode 3.2";
			developmentRegion = English;
			hasScannedForEncodings = 0;
			knownRegions = (
				en,
				ru,
				Base,
				de,
				es,
				fr,
				ja,
				ko,
				th,
				vi,
				"zh-Hans",
				"zh-Hant-TW",
				pl,
				hu,
				he,
				"tr-TR",
			);
			mainGroup = C71D5AE516ADBB9600C764B5;
			productRefGroup = C71D5AF116ADBB9600C764B5 /* Products */;
			projectDirPath = "";
			projectRoot = "";
			targets = (
				C71D5AEF16ADBB9600C764B5 /* HDWitness */,
				C71D5B1C16ADBB9600C764B5 /* HDWitnessTests */,
			);
		};
/* End PBXProject section */

/* Begin PBXResourcesBuildPhase section */
		C71D5AEE16ADBB9600C764B5 /* Resources */ = {
			isa = PBXResourcesBuildPhase;
			buildActionMask = 2147483647;
			files = (
				B680D6A3A0C15C58F4E3CCC1 /* Settings.bundle in Resources */,
				B680DC142E6E70D8C8C3FB6C /* Default2-Landscape@2x~ipad.png in Resources */,
				B680D4B67C1FADABC910599A /* Default2-Landscape~ipad.png in Resources */,
				B680D3E7A16C78F6D4753C37 /* Default2-Portrait@2x~ipad.png in Resources */,
				B680DBA29BA2EEDBDFBEE603 /* Default2-Portrait~ipad.png in Resources */,
				B680D848DAA277137520AC09 /* icon_29x29.png in Resources */,
				B680D23FC43A7481F9DB43EA /* icon_40x40.png in Resources */,
				B680D0BEC94B77163C5647D6 /* icon_50x50.png in Resources */,
				B680DAE123DEE1482F88629A /* icon_58x58.png in Resources */,
				B680D3F7ABA235B463FDE414 /* icon_76x76.png in Resources */,
				B680DD3392AE16BF3811D063 /* icon_80x80.png in Resources */,
				B680D93A5162957958B3A985 /* icon_100x100.png in Resources */,
				B680D613BFEBC9472CED8C02 /* icon_120x120.png in Resources */,
				B680DE80954E5A7A90A1E1B3 /* icon_152x152.png in Resources */,
				B680D3CCD9E5478E72F7F5F5 /* icon_512x512.png in Resources */,
				B680D1A72A36FF242C9223B9 /* icon_1024x1024.png in Resources */,
				B680D2A57A9BFA8D193038CA /* gears.png in Resources */,
				B680D98CCD9A025E90EC4F2E /* icon_144x144.png in Resources */,
				B680D6389235523F58532CD0 /* icon_72x72.png in Resources */,
				B680DD3CCB293D649A5E5EAE /* icon_114x114.png in Resources */,
				B680D2F0A76ABC240B9A6781 /* icon_57x57.png in Resources */,
				B680D254A3168E49DC5D37B7 /* Default-Landscape@2x~ipad.png in Resources */,
				B680DBA49388D1166844094C /* Default-Landscape~ipad.png in Resources */,
				B680DCB808F1A697131E09CC /* Default-Portrait@2x~ipad.png in Resources */,
				C75E18861B43951D00A9CE78 /* Base.lproj/MainStoryboard_iPad.storyboard in Resources */,
				B680D45E42ED288DA273843F /* Default-Portrait~ipad.png in Resources */,
				B680DF16016384B4587D9516 /* Default-568h@2x.png in Resources */,
				B680D30DFA8E4DDF1352E808 /* Default@2x.png in Resources */,
				B680D118321C51092B934446 /* Default.png in Resources */,
				B680D57D18FE9D7F1E98F876 /* server.png in Resources */,
				B680D228471D46D778616431 /* server_offline.png in Resources */,
				B680D50F931D958F37E079B5 /* camera_unauthorized.png in Resources */,
				C75E18871B43951D00A9CE78 /* Base.lproj/MainStoryboard_iPhone.storyboard in Resources */,
				B680DD851795817048EC7900 /* camera.png in Resources */,
				B680D12339071F8637E121DA /* camera_offline.png in Resources */,
				B680D124E27AC0B85B8CF957 /* Localizable.strings in Resources */,
			);
			runOnlyForDeploymentPostprocessing = 0;
		};
		C71D5B1A16ADBB9600C764B5 /* Resources */ = {
			isa = PBXResourcesBuildPhase;
			buildActionMask = 2147483647;
			files = (
			);
			runOnlyForDeploymentPostprocessing = 0;
		};
/* End PBXResourcesBuildPhase section */

/* Begin PBXShellScriptBuildPhase section */
		44E6F67DDA1A8DCD7646A2FE /* Embed Pods Frameworks */ = {
			isa = PBXShellScriptBuildPhase;
			buildActionMask = 2147483647;
			files = (
			);
			inputPaths = (
			);
			name = "Embed Pods Frameworks";
			outputPaths = (
			);
			runOnlyForDeploymentPostprocessing = 0;
			shellPath = /bin/sh;
			shellScript = "\"${SRCROOT}/../Pods/Target Support Files/Pods/Pods-frameworks.sh\"\n";
			showEnvVarsInLog = 0;
		};
		AE62E7FD64E64EFF95E8EAA5 /* Copy Pods Resources */ = {
			isa = PBXShellScriptBuildPhase;
			buildActionMask = 2147483647;
			files = (
			);
			inputPaths = (
			);
			name = "Copy Pods Resources";
			outputPaths = (
			);
			runOnlyForDeploymentPostprocessing = 0;
			shellPath = /bin/sh;
			shellScript = "\"${SRCROOT}/../Pods/Target Support Files/Pods/Pods-resources.sh\"\n";
		};
		C7D38DB9171D8AEF00BDEFD3 /* ShellScript */ = {
			isa = PBXShellScriptBuildPhase;
			buildActionMask = 2147483647;
			files = (
			);
			inputPaths = (
			);
			outputPaths = (
			);
			runOnlyForDeploymentPostprocessing = 0;
			shellPath = /bin/sh;
			shellScript = "";
		};
/* End PBXShellScriptBuildPhase section */

/* Begin PBXSourcesBuildPhase section */
		C71D5AEC16ADBB9600C764B5 /* Sources */ = {
			isa = PBXSourcesBuildPhase;
			buildActionMask = 2147483647;
			files = (
				B680D9AAF6B551658D5B54B1 /* MotionJpegImageView.mm in Sources */,
				B680D975B970351D5A4A960B /* MotionJpegImageViewAdapter.m in Sources */,
				B680D1E97BFE33A0E332B1AE /* OVTPlayerLayerView.m in Sources */,
				B680D22567B75AA63E0AB5A4 /* HDWLiveStreamingViewAdapter.m in Sources */,
				B680D701A3DD9042849B4D3E /* HDWQueue.m in Sources */,
				B680D9D106511CED160C968E /* NSString+Base64.m in Sources */,
				B680D487EFA88C6104B18276 /* NSString+OptixAdditions.m in Sources */,
				B680DDE0160D027ED94B9AB6 /* HDWOrderedDictionary.m in Sources */,
				B680DB2A842A8D1F6D243300 /* HDWUUID.m in Sources */,
				C75832F31B8FF2D50004C878 /* HDWHTTPRequestOperation.m in Sources */,
				B680D0D36EC7DA5EEB238374 /* BinaryChunksParser.mm in Sources */,
				C718315E1AF16A500084AD5A /* HDWMultipartStreamParser.m in Sources */,
				B680D562CD17F0F4AED69F4E /* HDWEventSource.m in Sources */,
				B680D18D257D40460E9FF5D2 /* HDWLegacyStreamParser.m in Sources */,
				B680D7D15807331A5B56390E /* HDWProtocol.m in Sources */,
				C718315B1AF16A3C0084AD5A /* multipart_parser.c in Sources */,
				C76FA6AC1B9FB2610094E6E0 /* HDWECSConfig.m in Sources */,
				B680D19B2CF2EF1137AE7969 /* HDWJSONProtocolImpl.m in Sources */,
				B680D620B6867D0D5543A5AC /* HDWPB2ProtocolImpl.m in Sources */,
				B680D51D3513CAFB659122E1 /* BusinessAction.pb.m in Sources */,
				B680D71FE4CA31374735D77A /* BusinessCommon.pb.m in Sources */,
				C79888CB1A7D0D8600397179 /* HDWSet.mm in Sources */,
				B680DCF849020602AB30077C /* BusinessRule.pb.m in Sources */,
				B680DB3ED459F2142495478D /* Camera.pb.m in Sources */,
				B680DC80B60C0AD9C06968A6 /* CameraServerItem.pb.m in Sources */,
				B680D6B9753077B02B83B999 /* Compatibility.pb.m in Sources */,
				B680D64F645B7F16C8DD3B49 /* Connectinfo.pb.m in Sources */,
				B680DB2B0AF205C2FCEE3FB4 /* Kvpair.pb.m in Sources */,
				B680D6260059584202A429C9 /* Layout.pb.m in Sources */,
				C766E9FF1A8E4156000C50C2 /* HDWResolution.m in Sources */,
				B680DE23477EF2ACFC46724F /* License.pb.m in Sources */,
				B680D6B45160646975070C39 /* Message.pb.m in Sources */,
				B680DEC7F8BD226DD68A87FD /* Ms_recordedTimePeriod.pb.m in Sources */,
				B680DF18D7169E2459FE2F6C /* Resource.pb.m in Sources */,
				B680DFBC3FA741EC32E78A38 /* ResourceType.pb.m in Sources */,
				B680DA4BFAB65F8D294E44BC /* Server.pb.m in Sources */,
				B680D2C09D3211007150B4EF /* Setting.pb.m in Sources */,
				B680DD584F0EAB54160181C5 /* User.pb.m in Sources */,
				B680D64286F2781DB89EF249 /* HDWCompatibility.m in Sources */,
				B680D590080DBDD950990ACC /* HDWCompatibilityItems.m in Sources */,
				B680D921D3654D19B840E93C /* HDWCameraModel.m in Sources */,
				B680D99F4FC72FD075F98E2D /* HDWApiConnectInfo.m in Sources */,
				B680DA23B9F9662834973314 /* HDWAppDelegate.m in Sources */,
				B680DDCECD15304F590C2D3F /* HDWMasterViewController.m in Sources */,
				B680DC18B805548C4D3D1D1C /* HDWECSViewController.m in Sources */,
				B680D21DE57FA5C7FF678AB0 /* HDWDetailViewController.m in Sources */,
				B680DF3BA072CC5A0C6C8454 /* HDWCollectionViewCell.m in Sources */,
				B680DC6F351D6490C25379C2 /* HDWVideoViewController.m in Sources */,
				B680D49021F5BC51B6455AAA /* HDWCalendarViewController.m in Sources */,
				B680D70CE5781B57F6CDBE47 /* HDWOptixVideoView.m in Sources */,
				B680DEF6FB0CCB77D1AE923C /* HDWQualityHelper.m in Sources */,
				B680D35848622FB6F1A8FC45 /* HDWModelVisibilityVisitor.m in Sources */,
				B680D606ACC57A0F8F4B668F /* HDWModelEvent.m in Sources */,
				C79888CE1A7D239A00397179 /* HDWMap.mm in Sources */,
				B680DDE9491450950D0DC585 /* HDWGlobalData.m in Sources */,
				B680D0095EF26314876B8323 /* HDWURLBuilder.m in Sources */,
				B680DAE184C8870865DD3711 /* main.m in Sources */,
			);
			runOnlyForDeploymentPostprocessing = 0;
		};
		C71D5B1816ADBB9600C764B5 /* Sources */ = {
			isa = PBXSourcesBuildPhase;
			buildActionMask = 2147483647;
			files = (
				C79888D01A7D289000397179 /* HDWMapTest.m in Sources */,
				C79888C81A7D052000397179 /* HDWSetTest.m in Sources */,
				C721632919BC5CEE00DC84DA /* HDWQualitySelectionTests.m in Sources */,
			);
			runOnlyForDeploymentPostprocessing = 0;
		};
/* End PBXSourcesBuildPhase section */

/* Begin PBXTargetDependency section */
		C71D5B2316ADBB9600C764B5 /* PBXTargetDependency */ = {
			isa = PBXTargetDependency;
			target = C71D5AEF16ADBB9600C764B5 /* HDWitness */;
			targetProxy = C71D5B2216ADBB9600C764B5 /* PBXContainerItemProxy */;
		};
/* End PBXTargetDependency section */

/* Begin PBXVariantGroup section */
		B680D2CB757A81BAD7AEA99B /* Localizable.strings */ = {
			isa = PBXVariantGroup;
			children = (
				B680D60113068E8D45250742 /* ru */,
				B680D01F4BB8DCA3CBAED3BB /* Base */,
				C7608F3E1B03E4AF00B88EA3 /* en */,
				C73CDDA61B4DE24600A5CAB8 /* de */,
				C73CDDA71B4DE28800A5CAB8 /* es */,
				C73CDDA81B4DE29300A5CAB8 /* fr */,
				C73CDDA91B4DE29D00A5CAB8 /* ja */,
				C73CDDAA1B4DE2A700A5CAB8 /* ko */,
				C73CDDAB1B4DE2C100A5CAB8 /* th */,
				C73CDDAC1B4DE2C500A5CAB8 /* vi */,
				C73CDDAD1B4DE56700A5CAB8 /* zh-Hans */,
				C73CDDAE1B4DE57800A5CAB8 /* zh-Hant-TW */,
				C71282E01B5DFDAD00B7B4BC /* pl */,
				C76FA6A91B9A55FE0094E6E0 /* hu */,
				C764ABD21BCEE7CA00254334 /* he */,
				C7AE94241C8A1D0300F32CBF /* tr-TR */,
			);
			name = Localizable.strings;
			sourceTree = "<group>";
		};
/* End PBXVariantGroup section */

/* Begin XCBuildConfiguration section */
		C71D5B2D16ADBB9600C764B5 /* Debug */ = {
			isa = XCBuildConfiguration;
			buildSettings = {
				ALWAYS_SEARCH_USER_PATHS = NO;
				CLANG_CXX_LANGUAGE_STANDARD = "gnu++0x";
				CLANG_CXX_LIBRARY = "libc++";
				CLANG_ENABLE_OBJC_ARC = YES;
				CLANG_WARN_EMPTY_BODY = YES;
				CLANG_WARN__DUPLICATE_METHOD_MATCH = YES;
				COPY_PHASE_STRIP = NO;
				GCC_C_LANGUAGE_STANDARD = gnu99;
				GCC_DYNAMIC_NO_PIC = NO;
				GCC_OPTIMIZATION_LEVEL = 0;
				GCC_PREFIX_HEADER = "HDWitness/HDWitness-Prefix.pch";
				GCC_PREPROCESSOR_DEFINITIONS = (
					"DEBUG=1",
					"$(inherited)",
					QN_NOQT,
				);
				GCC_SYMBOLS_PRIVATE_EXTERN = NO;
				GCC_WARN_ABOUT_RETURN_TYPE = YES;
				GCC_WARN_UNINITIALIZED_AUTOS = YES;
				GCC_WARN_UNUSED_VARIABLE = YES;
				IBSC_ERRORS = NO;
				ONLY_ACTIVE_ARCH = YES;
				OTHER_CFLAGS = "";
				SDKROOT = iphoneos;
				TARGETED_DEVICE_FAMILY = "1,2";
				USER_HEADER_SEARCH_PATHS = "";
			};
			name = Debug;
		};
		C71D5B2E16ADBB9600C764B5 /* Release */ = {
			isa = XCBuildConfiguration;
			buildSettings = {
				ALWAYS_SEARCH_USER_PATHS = NO;
				CLANG_CXX_LANGUAGE_STANDARD = "gnu++0x";
				CLANG_CXX_LIBRARY = "libc++";
				CLANG_ENABLE_OBJC_ARC = YES;
				CLANG_WARN_EMPTY_BODY = YES;
				CLANG_WARN__DUPLICATE_METHOD_MATCH = YES;
				COPY_PHASE_STRIP = YES;
				GCC_C_LANGUAGE_STANDARD = gnu99;
				GCC_PREFIX_HEADER = "HDWitness/HDWitness-Prefix.pch";
				GCC_PREPROCESSOR_DEFINITIONS = "QN_NOQT=1";
				GCC_WARN_ABOUT_RETURN_TYPE = YES;
				GCC_WARN_UNINITIALIZED_AUTOS = YES;
				GCC_WARN_UNUSED_VARIABLE = YES;
				IBSC_ERRORS = NO;
				ONLY_ACTIVE_ARCH = NO;
				OTHER_CFLAGS = "-DNS_BLOCK_ASSERTIONS=1";
				SDKROOT = iphoneos;
				TARGETED_DEVICE_FAMILY = "1,2";
				USER_HEADER_SEARCH_PATHS = "";
				VALIDATE_PRODUCT = YES;
			};
			name = Release;
		};
		C71D5B3016ADBB9600C764B5 /* Debug */ = {
			isa = XCBuildConfiguration;
			baseConfigurationReference = B680D32CCCE5398F918607DC /* HDWitness.xcconfig */;
			buildSettings = {
				CODE_SIGN_ENTITLEMENTS = HDWitness/NxWitness.entitlements;
				CODE_SIGN_RESOURCE_RULES_PATH = "";
				FRAMEWORK_SEARCH_PATHS = (
					"$(inherited)",
					"$(DEVELOPER_FRAMEWORKS_DIR)",
				);
				GCC_PRECOMPILE_PREFIX_HEADER = YES;
				GCC_PREFIX_HEADER = "HDWitness/HDWitness-Prefix.pch";
				HEADER_SEARCH_PATHS = (
					"$(inherited)",
					"${DERIVED_FILES_DIR}",
					../../common/src,
					../../appserver2/src,
				);
				IBSC_ERRORS = NO;
				INFOPLIST_FILE = "HDWitness/HDWitness-Info.plist";
				ONLY_ACTIVE_ARCH = YES;
				PROVISIONING_PROFILE = "";
				TARGETED_DEVICE_FAMILY = "1,2";
				WRAPPER_EXTENSION = app;
			};
			name = Debug;
		};
		C71D5B3116ADBB9600C764B5 /* Release */ = {
			isa = XCBuildConfiguration;
			baseConfigurationReference = B680D32CCCE5398F918607DC /* HDWitness.xcconfig */;
			buildSettings = {
				CODE_SIGN_ENTITLEMENTS = HDWitness/NxWitness.entitlements;
				CODE_SIGN_RESOURCE_RULES_PATH = "";
				FRAMEWORK_SEARCH_PATHS = (
					"$(inherited)",
					"$(DEVELOPER_FRAMEWORKS_DIR)",
				);
				GCC_PRECOMPILE_PREFIX_HEADER = YES;
				GCC_PREFIX_HEADER = "HDWitness/HDWitness-Prefix.pch";
				HEADER_SEARCH_PATHS = (
					"$(inherited)",
					"${DERIVED_FILES_DIR}",
					../../common/src,
					../../appserver2/src,
				);
				IBSC_ERRORS = NO;
				INFOPLIST_FILE = "HDWitness/HDWitness-Info.plist";
				PROVISIONING_PROFILE = "";
				TARGETED_DEVICE_FAMILY = "1,2";
				WRAPPER_EXTENSION = app;
			};
			name = Release;
		};
		C71D5B3316ADBB9600C764B5 /* Debug */ = {
			isa = XCBuildConfiguration;
			buildSettings = {
				BUNDLE_LOADER = "$(BUILT_PRODUCTS_DIR)/$(PRODUCT_NAME).app/$(PRODUCT_NAME)";
				FRAMEWORK_SEARCH_PATHS = (
					"\"$(SDKROOT)/Developer/Library/Frameworks\"",
					"$(inherited)",
					"$(DEVELOPER_FRAMEWORKS_DIR)",
				);
				GCC_PRECOMPILE_PREFIX_HEADER = YES;
				GCC_PREFIX_HEADER = "HDWitness/HDWitness-Prefix.pch";
				HEADER_SEARCH_PATHS = (
					"$(inherited)",
					/Applications/Xcode.app/Contents/Developer/Toolchains/XcodeDefault.xctoolchain/usr/include,
					"${DERIVED_FILES_DIR}",
					"$(PODS_ROOT)/Headers/Public",
					"$(PODS_ROOT)/Headers/Public/ltools",
				);
				INFOPLIST_FILE = "HDWitnessTests/HDWitnessTests-Info.plist";
				PODS_ROOT = "${SRCROOT}/../Pods";
				PRODUCT_NAME = "$(TARGET_NAME)";
				TEST_HOST = "$(BUNDLE_LOADER)";
				WRAPPER_EXTENSION = xctest;
			};
			name = Debug;
		};
		C71D5B3416ADBB9600C764B5 /* Release */ = {
			isa = XCBuildConfiguration;
			buildSettings = {
				BUNDLE_LOADER = "$(BUILT_PRODUCTS_DIR)/$(PRODUCT_NAME).app/$(PRODUCT_NAME)";
				FRAMEWORK_SEARCH_PATHS = (
					"\"$(SDKROOT)/Developer/Library/Frameworks\"",
					"$(inherited)",
					"$(DEVELOPER_FRAMEWORKS_DIR)",
				);
				GCC_PRECOMPILE_PREFIX_HEADER = YES;
				GCC_PREFIX_HEADER = "HDWitness/HDWitness-Prefix.pch";
				HEADER_SEARCH_PATHS = (
					"$(inherited)",
					/Applications/Xcode.app/Contents/Developer/Toolchains/XcodeDefault.xctoolchain/usr/include,
					"${DERIVED_FILES_DIR}",
					"$(PODS_ROOT)/Headers/Public",
					"$(PODS_ROOT)/Headers/Public/ltools",
				);
				INFOPLIST_FILE = "HDWitnessTests/HDWitnessTests-Info.plist";
				PODS_ROOT = "${SRCROOT}/../Pods";
				PRODUCT_NAME = "$(TARGET_NAME)";
				TEST_HOST = "$(BUNDLE_LOADER)";
				WRAPPER_EXTENSION = xctest;
			};
			name = Release;
		};
/* End XCBuildConfiguration section */

/* Begin XCConfigurationList section */
		C71D5AEA16ADBB9600C764B5 /* Build configuration list for PBXProject "HDWitness" */ = {
			isa = XCConfigurationList;
			buildConfigurations = (
				C71D5B2D16ADBB9600C764B5 /* Debug */,
				C71D5B2E16ADBB9600C764B5 /* Release */,
			);
			defaultConfigurationIsVisible = 0;
			defaultConfigurationName = Release;
		};
		C71D5B2F16ADBB9600C764B5 /* Build configuration list for PBXNativeTarget "HDWitness" */ = {
			isa = XCConfigurationList;
			buildConfigurations = (
				C71D5B3016ADBB9600C764B5 /* Debug */,
				C71D5B3116ADBB9600C764B5 /* Release */,
			);
			defaultConfigurationIsVisible = 0;
			defaultConfigurationName = Release;
		};
		C71D5B3216ADBB9600C764B5 /* Build configuration list for PBXNativeTarget "HDWitnessTests" */ = {
			isa = XCConfigurationList;
			buildConfigurations = (
				C71D5B3316ADBB9600C764B5 /* Debug */,
				C71D5B3416ADBB9600C764B5 /* Release */,
			);
			defaultConfigurationIsVisible = 0;
			defaultConfigurationName = Release;
		};
/* End XCConfigurationList section */
	};
	rootObject = C71D5AE716ADBB9600C764B5 /* Project object */;
}
