
Microsoft Visual Studio Solution File, Format Version 12.00
# Visual Studio 2012
Project("{8BC9CEB8-8B4A-11D0-8D11-00A0C91BC942}") = "mediaserver-x64", "src\mediaserver-x64.vcxproj", "${mediaserver.guid}"
	ProjectSection(ProjectDependencies) = postProject
		${appserver2.guid} = ${appserver2.guid}
		${mediaserver_core.guid} = ${mediaserver_core.guid}
		${nxemail.guid} = ${nxemail.guid}
		${common.guid} = ${common.guid}
	EndProjectSection
EndProject
Project("{8BC9CEB8-8B4A-11D0-8D11-00A0C91BC942}") = "mediaserver_core-x64", "..\mediaserver_core\src\mediaserver_core-x64.vcxproj", "${mediaserver_core.guid}"
	ProjectSection(ProjectDependencies) = postProject
		${appserver2.guid} = ${appserver2.guid}
		${nxemail.guid} = ${nxemail.guid}
		${common.guid} = ${common.guid}
	EndProjectSection
EndProject
Project("{8BC9CEB8-8B4A-11D0-8D11-00A0C91BC942}") = "common-x64", "..\common\src\common-x64.vcxproj", "${common.guid}"
EndProject
Project("{8BC9CEB8-8B4A-11D0-8D11-00A0C91BC942}") = "appserver2-x64", "..\appserver2\src\appserver2-x64.vcxproj", "${appserver2.guid}"
	ProjectSection(ProjectDependencies) = postProject
		${common.guid} = ${common.guid}
	EndProjectSection
EndProject
Project("{8BC9CEB8-8B4A-11D0-8D11-00A0C91BC942}") = "nxemail-x64", "..\common_libs\nxemail\src\nxemail-x64.vcxproj", "${nxemail.guid}"
EndProject
Global
	GlobalSection(SolutionConfigurationPlatforms) = preSolution
		Debug|x64 = Debug|x64
		Release|x64 = Release|x64
	EndGlobalSection
	GlobalSection(ProjectConfigurationPlatforms) = postSolution
		${mediaserver.guid}.Debug|x64.ActiveCfg = Debug|x64
		${mediaserver.guid}.Debug|x64.Build.0 = Debug|x64
		${mediaserver.guid}.Release|x64.ActiveCfg = Release|x64
		${mediaserver.guid}.Release|x64.Build.0 = Release|x64
		${mediaserver_core.guid}.Debug|x64.ActiveCfg = Debug|x64
		${mediaserver_core.guid}.Debug|x64.Build.0 = Debug|x64
		${mediaserver_core.guid}.Release|x64.ActiveCfg = Release|x64
		${mediaserver_core.guid}.Release|x64.Build.0 = Release|x64
		${common.guid}.Debug|x64.ActiveCfg = Debug|x64
		${common.guid}.Debug|x64.Build.0 = Debug|x64
		${common.guid}.Release|x64.ActiveCfg = Release|x64
		${common.guid}.Release|x64.Build.0 = Release|x64
		${appserver2.guid}.Debug|x64.ActiveCfg = Debug|x64
		${appserver2.guid}.Debug|x64.Build.0 = Debug|x64
		${appserver2.guid}.Release|x64.ActiveCfg = Release|x64
		${appserver2.guid}.Release|x64.Build.0 = Release|x64
		${nxemail.guid}.Debug|x64.ActiveCfg = Debug|x64
		${nxemail.guid}.Debug|x64.Build.0 = Debug|x64
		${nxemail.guid}.Release|x64.ActiveCfg = Release|x64
		${nxemail.guid}.Release|x64.Build.0 = Release|x64
	EndGlobalSection
	GlobalSection(SolutionProperties) = preSolution
		HideSolutionNode = FALSE
	EndGlobalSection
EndGlobal
