
Microsoft Visual Studio Solution File, Format Version 12.00
# Visual Studio 2012
Project("{8BC9CEB8-8B4A-11D0-8D11-00A0C91BC942}") = "mediaserver-x86", "src\mediaserver-x86.vcxproj", "${mediaserver.guid}"
	ProjectSection(ProjectDependencies) = postProject
		${appserver2.guid} = ${appserver2.guid}
		${mediaserver_core.guid} = ${mediaserver_core.guid}
		${nxemail.guid} = ${nxemail.guid}
		${common.guid} = ${common.guid}
	EndProjectSection
EndProject
Project("{8BC9CEB8-8B4A-11D0-8D11-00A0C91BC942}") = "mediaserver_core-x86", "..\mediaserver_core\src\mediaserver_core-x86.vcxproj", "${mediaserver_core.guid}"
	ProjectSection(ProjectDependencies) = postProject
		${appserver2.guid} = ${appserver2.guid}
		${nxemail.guid} = ${nxemail.guid}
		${common.guid} = ${common.guid}
	EndProjectSection
EndProject
Project("{8BC9CEB8-8B4A-11D0-8D11-00A0C91BC942}") = "common-x86", "..\common\src\common-x86.vcxproj", "${common.guid}"
EndProject
Project("{8BC9CEB8-8B4A-11D0-8D11-00A0C91BC942}") = "appserver2-x86", "..\appserver2\src\appserver2-x86.vcxproj", "${appserver2.guid}"
	ProjectSection(ProjectDependencies) = postProject
		${common.guid} = ${common.guid}
	EndProjectSection
EndProject
Project("{8BC9CEB8-8B4A-11D0-8D11-00A0C91BC942}") = "nxemail-x86", "..\common_libs\nxemail\src\nxemail-x86.vcxproj", "${nxemail.guid}"
EndProject
Global
	GlobalSection(SolutionConfigurationPlatforms) = preSolution
		Debug|Win32 = Debug|Win32
		Release|Win32 = Release|Win32
	EndGlobalSection
	GlobalSection(ProjectConfigurationPlatforms) = postSolution
		${mediaserver.guid}.Debug|Win32.ActiveCfg = Debug|Win32
		${mediaserver.guid}.Debug|Win32.Build.0 = Debug|Win32
		${mediaserver.guid}.Release|Win32.ActiveCfg = Release|Win32
		${mediaserver.guid}.Release|Win32.Build.0 = Release|Win32
		${mediaserver_core.guid}.Debug|Win32.ActiveCfg = Debug|Win32
		${mediaserver_core.guid}.Debug|Win32.Build.0 = Debug|Win32
		${mediaserver_core.guid}.Release|Win32.ActiveCfg = Release|Win32
		${mediaserver_core.guid}.Release|Win32.Build.0 = Release|Win32
		${common.guid}.Debug|Win32.ActiveCfg = Debug|Win32
		${common.guid}.Debug|Win32.Build.0 = Debug|Win32
		${common.guid}.Release|Win32.ActiveCfg = Release|Win32
		${common.guid}.Release|Win32.Build.0 = Release|Win32
		${appserver2.guid}.Debug|Win32.ActiveCfg = Debug|Win32
		${appserver2.guid}.Debug|Win32.Build.0 = Debug|Win32
		${appserver2.guid}.Release|Win32.ActiveCfg = Release|Win32
		${appserver2.guid}.Release|Win32.Build.0 = Release|Win32
		${nxemail.guid}.Debug|Win32.ActiveCfg = Debug|Win32
		${nxemail.guid}.Debug|Win32.Build.0 = Debug|Win32
		${nxemail.guid}.Release|Win32.ActiveCfg = Release|Win32
		${nxemail.guid}.Release|Win32.Build.0 = Release|Win32
	EndGlobalSection
	GlobalSection(SolutionProperties) = preSolution
		HideSolutionNode = FALSE
	EndGlobalSection
EndGlobal
