// !$*UTF8*$!
{
	archiveVersion = 1;
	classes = {
	};
	objectVersion = 46;
	objects = {

/* Begin PBXBuildFile section */
		B06EA63F6EA34C03AB9C9B6A /* libPods.a in Frameworks */ = {isa = PBXBuildFile; fileRef = 1381EE06ED874D8C96CB5F42 /* libPods.a */; };
		C71D5AF516ADBB9600C764B5 /* UIKit.framework in Frameworks */ = {isa = PBXBuildFile; fileRef = C71D5AF416ADBB9600C764B5 /* UIKit.framework */; };
		C71D5AF716ADBB9600C764B5 /* Foundation.framework in Frameworks */ = {isa = PBXBuildFile; fileRef = C71D5AF616ADBB9600C764B5 /* Foundation.framework */; };
		C71D5AF916ADBB9600C764B5 /* CoreGraphics.framework in Frameworks */ = {isa = PBXBuildFile; fileRef = C71D5AF816ADBB9600C764B5 /* CoreGraphics.framework */; };
		C71D5AFF16ADBB9600C764B5 /* InfoPlist.strings in Resources */ = {isa = PBXBuildFile; fileRef = C71D5AFD16ADBB9600C764B5 /* InfoPlist.strings */; };
		C71D5B0116ADBB9600C764B5 /* main.m in Sources */ = {isa = PBXBuildFile; fileRef = C71D5B0016ADBB9600C764B5 /* main.m */; };
		C71D5B0516ADBB9600C764B5 /* HDWAppDelegate.m in Sources */ = {isa = PBXBuildFile; fileRef = C71D5B0416ADBB9600C764B5 /* HDWAppDelegate.m */; };
		C71D5B0E16ADBB9600C764B5 /* MainStoryboard_iPhone.storyboard in Resources */ = {isa = PBXBuildFile; fileRef = C71D5B0C16ADBB9600C764B5 /* MainStoryboard_iPhone.storyboard */; };
		C71D5B1116ADBB9600C764B5 /* MainStoryboard_iPad.storyboard in Resources */ = {isa = PBXBuildFile; fileRef = C71D5B0F16ADBB9600C764B5 /* MainStoryboard_iPad.storyboard */; };
		C71D5B1416ADBB9600C764B5 /* HDWMasterViewController.m in Sources */ = {isa = PBXBuildFile; fileRef = C71D5B1316ADBB9600C764B5 /* HDWMasterViewController.m */; };
		C71D5B1716ADBB9600C764B5 /* HDWDetailViewController.m in Sources */ = {isa = PBXBuildFile; fileRef = C71D5B1616ADBB9600C764B5 /* HDWDetailViewController.m */; };
		C71D5B1F16ADBB9600C764B5 /* SenTestingKit.framework in Frameworks */ = {isa = PBXBuildFile; fileRef = C71D5B1E16ADBB9600C764B5 /* SenTestingKit.framework */; };
		C71D5B2016ADBB9600C764B5 /* UIKit.framework in Frameworks */ = {isa = PBXBuildFile; fileRef = C71D5AF416ADBB9600C764B5 /* UIKit.framework */; };
		C71D5B2116ADBB9600C764B5 /* Foundation.framework in Frameworks */ = {isa = PBXBuildFile; fileRef = C71D5AF616ADBB9600C764B5 /* Foundation.framework */; };
		C71D5B2916ADBB9600C764B5 /* InfoPlist.strings in Resources */ = {isa = PBXBuildFile; fileRef = C71D5B2716ADBB9600C764B5 /* InfoPlist.strings */; };
		C71D5B2C16ADBB9600C764B5 /* HDWitnessTests.m in Sources */ = {isa = PBXBuildFile; fileRef = C71D5B2B16ADBB9600C764B5 /* HDWitnessTests.m */; };
		C734CB301705F70B003450BF /* server.png in Resources */ = {isa = PBXBuildFile; fileRef = C734CB2F1705F70B003450BF /* server.png */; };
		C734CB321705F714003450BF /* server_offline.png in Resources */ = {isa = PBXBuildFile; fileRef = C734CB311705F714003450BF /* server_offline.png */; };
		C73910DE170B2346004C80DA /* NSString+Base64.m in Sources */ = {isa = PBXBuildFile; fileRef = C73910DD170B2346004C80DA /* NSString+Base64.m */; };
		C73B13BC16B6C53C007528C0 /* HDWCameraModel.m in Sources */ = {isa = PBXBuildFile; fileRef = C73B13BB16B6C53C007528C0 /* HDWCameraModel.m */; };
		C744D1EB170090E900AC48C4 /* camera_offline.png in Resources */ = {isa = PBXBuildFile; fileRef = C744D1EA170090E900AC48C4 /* camera_offline.png */; };
		C744D1F11704B4B700AC48C4 /* Default-568h@2x.png in Resources */ = {isa = PBXBuildFile; fileRef = C744D1F01704B4B700AC48C4 /* Default-568h@2x.png */; };
		C7484C45170F11D800A589CE /* QuartzCore.framework in Frameworks */ = {isa = PBXBuildFile; fileRef = C7484C44170F11D800A589CE /* QuartzCore.framework */; };
		C7810ACF16BB1C5500670CD2 /* HDWCollectionViewCell.m in Sources */ = {isa = PBXBuildFile; fileRef = C7810ACE16BB1C5500670CD2 /* HDWCollectionViewCell.m */; };
		C7A6423016AF00F6005E16B4 /* HDWECSViewController.m in Sources */ = {isa = PBXBuildFile; fileRef = C7A6422F16AF00F6005E16B4 /* HDWECSViewController.m */; };
		C7A7DD0216F923D000659CF3 /* MotionJpegImageView.mm in Sources */ = {isa = PBXBuildFile; fileRef = C7A7DD0116F923D000659CF3 /* MotionJpegImageView.mm */; };
		C7C673EC17098A8E002560E2 /* icon_57x57.png in Resources */ = {isa = PBXBuildFile; fileRef = C7C673EB17098A8E002560E2 /* icon_57x57.png */; };
		C7C673EE17098A9F002560E2 /* icon_114x114.png in Resources */ = {isa = PBXBuildFile; fileRef = C7C673ED17098A9F002560E2 /* icon_114x114.png */; };
		C7C673EF17098ACD002560E2 /* Default.png in Resources */ = {isa = PBXBuildFile; fileRef = C744D1EC1704B4B100AC48C4 /* Default.png */; };
		C7C673F017098AD9002560E2 /* Default@2x.png in Resources */ = {isa = PBXBuildFile; fileRef = C744D1EE1704B4B400AC48C4 /* Default@2x.png */; };
		C7C673F317098AFF002560E2 /* icon_72x72.png in Resources */ = {isa = PBXBuildFile; fileRef = C7C673F217098AFF002560E2 /* icon_72x72.png */; };
		C7C673F517098B08002560E2 /* icon_144x144.png in Resources */ = {isa = PBXBuildFile; fileRef = C7C673F417098B08002560E2 /* icon_144x144.png */; };
		C7C673F617098B1E002560E2 /* Default-Portrait~ipad.png in Resources */ = {isa = PBXBuildFile; fileRef = C744D1F21704B50A00AC48C4 /* Default-Portrait~ipad.png */; };
		C7C673F717098B25002560E2 /* Default-Portrait@2x~ipad.png in Resources */ = {isa = PBXBuildFile; fileRef = C744D1F41704B50D00AC48C4 /* Default-Portrait@2x~ipad.png */; };
		C7C673F817098B30002560E2 /* Default-Landscape~ipad.png in Resources */ = {isa = PBXBuildFile; fileRef = C744D1F61704B51800AC48C4 /* Default-Landscape~ipad.png */; };
		C7C673F917098B37002560E2 /* Default-Landscape@2x~ipad.png in Resources */ = {isa = PBXBuildFile; fileRef = C744D1F91704B52300AC48C4 /* Default-Landscape@2x~ipad.png */; };
		C7CAEBD416F9795200824E4B /* HDWVideoViewController.m in Sources */ = {isa = PBXBuildFile; fileRef = C7CAEBD316F9795100824E4B /* HDWVideoViewController.m */; };
		C7CCD4421705E16600BA30DF /* camera.png in Resources */ = {isa = PBXBuildFile; fileRef = C7CCD4411705E16600BA30DF /* camera.png */; };
		C7CCD4441705E3EA00BA30DF /* camera_unauthorized.png in Resources */ = {isa = PBXBuildFile; fileRef = C7CCD4431705E3EA00BA30DF /* camera_unauthorized.png */; };
		C7D38DB8171D83EC00BDEFD3 /* Settings.bundle in Resources */ = {isa = PBXBuildFile; fileRef = C7D38DB7171D83EC00BDEFD3 /* Settings.bundle */; };
		C7FEBFFE171C480800F808F9 /* HDWCalendarViewController.m in Sources */ = {isa = PBXBuildFile; fileRef = C7FEBFFD171C480800F808F9 /* HDWCalendarViewController.m */; };
/* End PBXBuildFile section */

/* Begin PBXContainerItemProxy section */
		C71D5B2216ADBB9600C764B5 /* PBXContainerItemProxy */ = {
			isa = PBXContainerItemProxy;
			containerPortal = C71D5AE716ADBB9600C764B5 /* Project object */;
			proxyType = 1;
			remoteGlobalIDString = C71D5AEF16ADBB9600C764B5;
			remoteInfo = HDWitness;
		};
/* End PBXContainerItemProxy section */

/* Begin PBXFileReference section */
		018DC436ACF84B178179263A /* Pods.xcconfig */ = {isa = PBXFileReference; includeInIndex = 1; lastKnownFileType = text.xcconfig; name = Pods.xcconfig; path = Pods/Pods.xcconfig; sourceTree = SOURCE_ROOT; };
		1381EE06ED874D8C96CB5F42 /* libPods.a */ = {isa = PBXFileReference; explicitFileType = archive.ar; includeInIndex = 0; path = libPods.a; sourceTree = BUILT_PRODUCTS_DIR; };
		C71D5AF016ADBB9600C764B5 /* HDWitness.app */ = {isa = PBXFileReference; explicitFileType = wrapper.application; includeInIndex = 0; path = HDWitness.app; sourceTree = BUILT_PRODUCTS_DIR; };
		C71D5AF416ADBB9600C764B5 /* UIKit.framework */ = {isa = PBXFileReference; lastKnownFileType = wrapper.framework; name = UIKit.framework; path = System/Library/Frameworks/UIKit.framework; sourceTree = SDKROOT; };
		C71D5AF616ADBB9600C764B5 /* Foundation.framework */ = {isa = PBXFileReference; lastKnownFileType = wrapper.framework; name = Foundation.framework; path = System/Library/Frameworks/Foundation.framework; sourceTree = SDKROOT; };
		C71D5AF816ADBB9600C764B5 /* CoreGraphics.framework */ = {isa = PBXFileReference; lastKnownFileType = wrapper.framework; name = CoreGraphics.framework; path = System/Library/Frameworks/CoreGraphics.framework; sourceTree = SDKROOT; };
		C71D5AFC16ADBB9600C764B5 /* HDWitness-Info.plist */ = {isa = PBXFileReference; lastKnownFileType = text.plist.xml; path = "HDWitness-Info.plist"; sourceTree = "<group>"; };
		C71D5AFE16ADBB9600C764B5 /* en */ = {isa = PBXFileReference; lastKnownFileType = text.plist.strings; name = en; path = en.lproj/InfoPlist.strings; sourceTree = "<group>"; };
		C71D5B0016ADBB9600C764B5 /* main.m */ = {isa = PBXFileReference; lastKnownFileType = sourcecode.c.objc; path = main.m; sourceTree = "<group>"; };
		C71D5B0216ADBB9600C764B5 /* HDWitness-Prefix.pch */ = {isa = PBXFileReference; lastKnownFileType = sourcecode.c.h; path = "HDWitness-Prefix.pch"; sourceTree = "<group>"; };
		C71D5B0316ADBB9600C764B5 /* HDWAppDelegate.h */ = {isa = PBXFileReference; lastKnownFileType = sourcecode.c.h; path = HDWAppDelegate.h; sourceTree = "<group>"; };
		C71D5B0416ADBB9600C764B5 /* HDWAppDelegate.m */ = {isa = PBXFileReference; lastKnownFileType = sourcecode.c.objc; path = HDWAppDelegate.m; sourceTree = "<group>"; };
		C71D5B0D16ADBB9600C764B5 /* en */ = {isa = PBXFileReference; lastKnownFileType = file.storyboard; name = en; path = en.lproj/MainStoryboard_iPhone.storyboard; sourceTree = "<group>"; };
		C71D5B1016ADBB9600C764B5 /* en */ = {isa = PBXFileReference; lastKnownFileType = file.storyboard; name = en; path = en.lproj/MainStoryboard_iPad.storyboard; sourceTree = "<group>"; };
		C71D5B1216ADBB9600C764B5 /* HDWMasterViewController.h */ = {isa = PBXFileReference; lastKnownFileType = sourcecode.c.h; path = HDWMasterViewController.h; sourceTree = "<group>"; };
		C71D5B1316ADBB9600C764B5 /* HDWMasterViewController.m */ = {isa = PBXFileReference; lastKnownFileType = sourcecode.c.objc; path = HDWMasterViewController.m; sourceTree = "<group>"; };
		C71D5B1516ADBB9600C764B5 /* HDWDetailViewController.h */ = {isa = PBXFileReference; lastKnownFileType = sourcecode.c.h; path = HDWDetailViewController.h; sourceTree = "<group>"; };
		C71D5B1616ADBB9600C764B5 /* HDWDetailViewController.m */ = {isa = PBXFileReference; lastKnownFileType = sourcecode.c.objc; path = HDWDetailViewController.m; sourceTree = "<group>"; };
		C71D5B1D16ADBB9600C764B5 /* HDWitnessTests.octest */ = {isa = PBXFileReference; explicitFileType = wrapper.cfbundle; includeInIndex = 0; path = HDWitnessTests.octest; sourceTree = BUILT_PRODUCTS_DIR; };
		C71D5B1E16ADBB9600C764B5 /* SenTestingKit.framework */ = {isa = PBXFileReference; lastKnownFileType = wrapper.framework; name = SenTestingKit.framework; path = Library/Frameworks/SenTestingKit.framework; sourceTree = DEVELOPER_DIR; };
		C71D5B2616ADBB9600C764B5 /* HDWitnessTests-Info.plist */ = {isa = PBXFileReference; lastKnownFileType = text.plist.xml; path = "HDWitnessTests-Info.plist"; sourceTree = "<group>"; };
		C71D5B2816ADBB9600C764B5 /* en */ = {isa = PBXFileReference; lastKnownFileType = text.plist.strings; name = en; path = en.lproj/InfoPlist.strings; sourceTree = "<group>"; };
		C71D5B2A16ADBB9600C764B5 /* HDWitnessTests.h */ = {isa = PBXFileReference; lastKnownFileType = sourcecode.c.h; path = HDWitnessTests.h; sourceTree = "<group>"; };
		C71D5B2B16ADBB9600C764B5 /* HDWitnessTests.m */ = {isa = PBXFileReference; lastKnownFileType = sourcecode.c.objc; path = HDWitnessTests.m; sourceTree = "<group>"; };
		C734CB2F1705F70B003450BF /* server.png */ = {isa = PBXFileReference; lastKnownFileType = image.png; path = server.png; sourceTree = "<group>"; };
		C734CB311705F714003450BF /* server_offline.png */ = {isa = PBXFileReference; lastKnownFileType = image.png; path = server_offline.png; sourceTree = "<group>"; };
		C73910DC170B2346004C80DA /* NSString+Base64.h */ = {isa = PBXFileReference; fileEncoding = 4; lastKnownFileType = sourcecode.c.h; path = "NSString+Base64.h"; sourceTree = "<group>"; };
		C73910DD170B2346004C80DA /* NSString+Base64.m */ = {isa = PBXFileReference; fileEncoding = 4; lastKnownFileType = sourcecode.c.objc; path = "NSString+Base64.m"; sourceTree = "<group>"; };
		C73B13BA16B6C53C007528C0 /* HDWCameraModel.h */ = {isa = PBXFileReference; fileEncoding = 4; lastKnownFileType = sourcecode.c.h; path = HDWCameraModel.h; sourceTree = "<group>"; };
		C73B13BB16B6C53C007528C0 /* HDWCameraModel.m */ = {isa = PBXFileReference; fileEncoding = 4; lastKnownFileType = sourcecode.c.objc; path = HDWCameraModel.m; sourceTree = "<group>"; };
		C744D1EA170090E900AC48C4 /* camera_offline.png */ = {isa = PBXFileReference; lastKnownFileType = image.png; name = camera_offline.png; path = ../camera_offline.png; sourceTree = "<group>"; };
		C744D1EC1704B4B100AC48C4 /* Default.png */ = {isa = PBXFileReference; lastKnownFileType = image.png; name = Default.png; path = ../Default.png; sourceTree = "<group>"; };
		C744D1EE1704B4B400AC48C4 /* Default@2x.png */ = {isa = PBXFileReference; lastKnownFileType = image.png; name = "Default@2x.png"; path = "../Default@2x.png"; sourceTree = "<group>"; };
		C744D1F01704B4B700AC48C4 /* Default-568h@2x.png */ = {isa = PBXFileReference; lastKnownFileType = image.png; name = "Default-568h@2x.png"; path = "../Default-568h@2x.png"; sourceTree = "<group>"; };
		C744D1F21704B50A00AC48C4 /* Default-Portrait~ipad.png */ = {isa = PBXFileReference; lastKnownFileType = image.png; name = "Default-Portrait~ipad.png"; path = "../Default-Portrait~ipad.png"; sourceTree = "<group>"; };
		C744D1F41704B50D00AC48C4 /* Default-Portrait@2x~ipad.png */ = {isa = PBXFileReference; lastKnownFileType = image.png; name = "Default-Portrait@2x~ipad.png"; path = "../Default-Portrait@2x~ipad.png"; sourceTree = "<group>"; };
		C744D1F61704B51800AC48C4 /* Default-Landscape~ipad.png */ = {isa = PBXFileReference; lastKnownFileType = image.png; name = "Default-Landscape~ipad.png"; path = "../Default-Landscape~ipad.png"; sourceTree = "<group>"; };
		C744D1F91704B52300AC48C4 /* Default-Landscape@2x~ipad.png */ = {isa = PBXFileReference; lastKnownFileType = image.png; name = "Default-Landscape@2x~ipad.png"; path = "../Default-Landscape@2x~ipad.png"; sourceTree = "<group>"; };
		C7484C44170F11D800A589CE /* QuartzCore.framework */ = {isa = PBXFileReference; lastKnownFileType = wrapper.framework; name = QuartzCore.framework; path = System/Library/Frameworks/QuartzCore.framework; sourceTree = SDKROOT; };
		C7810ACD16BB1C5500670CD2 /* HDWCollectionViewCell.h */ = {isa = PBXFileReference; fileEncoding = 4; lastKnownFileType = sourcecode.c.h; path = HDWCollectionViewCell.h; sourceTree = "<group>"; };
		C7810ACE16BB1C5500670CD2 /* HDWCollectionViewCell.m */ = {isa = PBXFileReference; fileEncoding = 4; lastKnownFileType = sourcecode.c.objc; path = HDWCollectionViewCell.m; sourceTree = "<group>"; };
		C7A6422E16AF00F6005E16B4 /* HDWECSViewController.h */ = {isa = PBXFileReference; fileEncoding = 4; lastKnownFileType = sourcecode.c.h; path = HDWECSViewController.h; sourceTree = "<group>"; };
		C7A6422F16AF00F6005E16B4 /* HDWECSViewController.m */ = {isa = PBXFileReference; fileEncoding = 4; lastKnownFileType = sourcecode.c.objc; path = HDWECSViewController.m; sourceTree = "<group>"; };
		C7A7DD0016F923D000659CF3 /* MotionJpegImageView.h */ = {isa = PBXFileReference; fileEncoding = 4; lastKnownFileType = sourcecode.c.h; path = MotionJpegImageView.h; sourceTree = "<group>"; };
		C7A7DD0116F923D000659CF3 /* MotionJpegImageView.mm */ = {isa = PBXFileReference; fileEncoding = 4; lastKnownFileType = sourcecode.cpp.objcpp; path = MotionJpegImageView.mm; sourceTree = "<group>"; };
		C7C673EB17098A8E002560E2 /* icon_57x57.png */ = {isa = PBXFileReference; lastKnownFileType = image.png; name = icon_57x57.png; path = ../icon_57x57.png; sourceTree = "<group>"; };
		C7C673ED17098A9F002560E2 /* icon_114x114.png */ = {isa = PBXFileReference; lastKnownFileType = image.png; name = icon_114x114.png; path = ../icon_114x114.png; sourceTree = "<group>"; };
		C7C673F217098AFF002560E2 /* icon_72x72.png */ = {isa = PBXFileReference; lastKnownFileType = image.png; name = icon_72x72.png; path = ../icon_72x72.png; sourceTree = "<group>"; };
		C7C673F417098B08002560E2 /* icon_144x144.png */ = {isa = PBXFileReference; lastKnownFileType = image.png; name = icon_144x144.png; path = ../icon_144x144.png; sourceTree = "<group>"; };
		C7CAEBD216F9795100824E4B /* HDWVideoViewController.h */ = {isa = PBXFileReference; fileEncoding = 4; lastKnownFileType = sourcecode.c.h; path = HDWVideoViewController.h; sourceTree = "<group>"; };
		C7CAEBD316F9795100824E4B /* HDWVideoViewController.m */ = {isa = PBXFileReference; fileEncoding = 4; lastKnownFileType = sourcecode.c.objc; path = HDWVideoViewController.m; sourceTree = "<group>"; };
		C7CCD4411705E16600BA30DF /* camera.png */ = {isa = PBXFileReference; lastKnownFileType = image.png; path = camera.png; sourceTree = "<group>"; };
		C7CCD4431705E3EA00BA30DF /* camera_unauthorized.png */ = {isa = PBXFileReference; lastKnownFileType = image.png; path = camera_unauthorized.png; sourceTree = "<group>"; };
		C7D38DB7171D83EC00BDEFD3 /* Settings.bundle */ = {isa = PBXFileReference; lastKnownFileType = "wrapper.plug-in"; name = Settings.bundle; path = ../Settings.bundle; sourceTree = "<group>"; };
		C7FEBFFC171C480800F808F9 /* HDWCalendarViewController.h */ = {isa = PBXFileReference; fileEncoding = 4; lastKnownFileType = sourcecode.c.h; path = HDWCalendarViewController.h; sourceTree = "<group>"; };
		C7FEBFFD171C480800F808F9 /* HDWCalendarViewController.m */ = {isa = PBXFileReference; fileEncoding = 4; lastKnownFileType = sourcecode.c.objc; path = HDWCalendarViewController.m; sourceTree = "<group>"; };
/* End PBXFileReference section */

/* Begin PBXFrameworksBuildPhase section */
		C71D5AED16ADBB9600C764B5 /* Frameworks */ = {
			isa = PBXFrameworksBuildPhase;
			buildActionMask = 2147483647;
			files = (
				C7484C45170F11D800A589CE /* QuartzCore.framework in Frameworks */,
				C71D5AF516ADBB9600C764B5 /* UIKit.framework in Frameworks */,
				C71D5AF716ADBB9600C764B5 /* Foundation.framework in Frameworks */,
				C71D5AF916ADBB9600C764B5 /* CoreGraphics.framework in Frameworks */,
				B06EA63F6EA34C03AB9C9B6A /* libPods.a in Frameworks */,
			);
			runOnlyForDeploymentPostprocessing = 0;
		};
		C71D5B1916ADBB9600C764B5 /* Frameworks */ = {
			isa = PBXFrameworksBuildPhase;
			buildActionMask = 2147483647;
			files = (
				C71D5B1F16ADBB9600C764B5 /* SenTestingKit.framework in Frameworks */,
				C71D5B2016ADBB9600C764B5 /* UIKit.framework in Frameworks */,
				C71D5B2116ADBB9600C764B5 /* Foundation.framework in Frameworks */,
			);
			runOnlyForDeploymentPostprocessing = 0;
		};
/* End PBXFrameworksBuildPhase section */

/* Begin PBXGroup section */
		C71D5AE516ADBB9600C764B5 = {
			isa = PBXGroup;
			children = (
				C71D5AFA16ADBB9600C764B5 /* HDWitness */,
				C71D5B2416ADBB9600C764B5 /* HDWitnessTests */,
				C71D5AF316ADBB9600C764B5 /* Frameworks */,
				C71D5AF116ADBB9600C764B5 /* Products */,
				018DC436ACF84B178179263A /* Pods.xcconfig */,
			);
			sourceTree = "<group>";
		};
		C71D5AF116ADBB9600C764B5 /* Products */ = {
			isa = PBXGroup;
			children = (
				C71D5AF016ADBB9600C764B5 /* HDWitness.app */,
				C71D5B1D16ADBB9600C764B5 /* HDWitnessTests.octest */,
			);
			name = Products;
			sourceTree = "<group>";
		};
		C71D5AF316ADBB9600C764B5 /* Frameworks */ = {
			isa = PBXGroup;
			children = (
				C7484C44170F11D800A589CE /* QuartzCore.framework */,
				C71D5AF416ADBB9600C764B5 /* UIKit.framework */,
				C71D5AF616ADBB9600C764B5 /* Foundation.framework */,
				C71D5AF816ADBB9600C764B5 /* CoreGraphics.framework */,
				C71D5B1E16ADBB9600C764B5 /* SenTestingKit.framework */,
				1381EE06ED874D8C96CB5F42 /* libPods.a */,
			);
			name = Frameworks;
			sourceTree = "<group>";
		};
		C71D5AFA16ADBB9600C764B5 /* HDWitness */ = {
			isa = PBXGroup;
			children = (
				C7D38DB7171D83EC00BDEFD3 /* Settings.bundle */,
				C7A7DD0016F923D000659CF3 /* MotionJpegImageView.h */,
				C7A7DD0116F923D000659CF3 /* MotionJpegImageView.mm */,
				C71D5B0316ADBB9600C764B5 /* HDWAppDelegate.h */,
				C71D5B0416ADBB9600C764B5 /* HDWAppDelegate.m */,
				C71D5B0C16ADBB9600C764B5 /* MainStoryboard_iPhone.storyboard */,
				C71D5B0F16ADBB9600C764B5 /* MainStoryboard_iPad.storyboard */,
				C7A6422E16AF00F6005E16B4 /* HDWECSViewController.h */,
				C7A6422F16AF00F6005E16B4 /* HDWECSViewController.m */,
				C7CAEBD216F9795100824E4B /* HDWVideoViewController.h */,
				C7CAEBD316F9795100824E4B /* HDWVideoViewController.m */,
				C71D5B1216ADBB9600C764B5 /* HDWMasterViewController.h */,
				C71D5B1316ADBB9600C764B5 /* HDWMasterViewController.m */,
				C71D5B1516ADBB9600C764B5 /* HDWDetailViewController.h */,
				C71D5B1616ADBB9600C764B5 /* HDWDetailViewController.m */,
				C7810ACD16BB1C5500670CD2 /* HDWCollectionViewCell.h */,
				C7810ACE16BB1C5500670CD2 /* HDWCollectionViewCell.m */,
				C7FEBFFC171C480800F808F9 /* HDWCalendarViewController.h */,
				C7FEBFFD171C480800F808F9 /* HDWCalendarViewController.m */,
				C73B13BA16B6C53C007528C0 /* HDWCameraModel.h */,
				C73B13BB16B6C53C007528C0 /* HDWCameraModel.m */,
				C73910DC170B2346004C80DA /* NSString+Base64.h */,
				C73910DD170B2346004C80DA /* NSString+Base64.m */,
				C71D5AFB16ADBB9600C764B5 /* Supporting Files */,
			);
			path = HDWitness;
			sourceTree = "<group>";
		};
		C71D5AFB16ADBB9600C764B5 /* Supporting Files */ = {
			isa = PBXGroup;
			children = (
				C7C673F417098B08002560E2 /* icon_144x144.png */,
				C7C673F217098AFF002560E2 /* icon_72x72.png */,
				C7C673ED17098A9F002560E2 /* icon_114x114.png */,
				C7C673EB17098A8E002560E2 /* icon_57x57.png */,
				C744D1F91704B52300AC48C4 /* Default-Landscape@2x~ipad.png */,
				C744D1F61704B51800AC48C4 /* Default-Landscape~ipad.png */,
				C744D1F41704B50D00AC48C4 /* Default-Portrait@2x~ipad.png */,
				C744D1F21704B50A00AC48C4 /* Default-Portrait~ipad.png */,
				C744D1F01704B4B700AC48C4 /* Default-568h@2x.png */,
				C744D1EE1704B4B400AC48C4 /* Default@2x.png */,
				C744D1EC1704B4B100AC48C4 /* Default.png */,
				C734CB2F1705F70B003450BF /* server.png */,
				C734CB311705F714003450BF /* server_offline.png */,
				C7CCD4431705E3EA00BA30DF /* camera_unauthorized.png */,
				C7CCD4411705E16600BA30DF /* camera.png */,
				C744D1EA170090E900AC48C4 /* camera_offline.png */,
				C71D5AFC16ADBB9600C764B5 /* HDWitness-Info.plist */,
				C71D5AFD16ADBB9600C764B5 /* InfoPlist.strings */,
				C71D5B0016ADBB9600C764B5 /* main.m */,
				C71D5B0216ADBB9600C764B5 /* HDWitness-Prefix.pch */,
			);
			name = "Supporting Files";
			sourceTree = "<group>";
		};
		C71D5B2416ADBB9600C764B5 /* HDWitnessTests */ = {
			isa = PBXGroup;
			children = (
				C71D5B2A16ADBB9600C764B5 /* HDWitnessTests.h */,
				C71D5B2B16ADBB9600C764B5 /* HDWitnessTests.m */,
				C71D5B2516ADBB9600C764B5 /* Supporting Files */,
			);
			path = HDWitnessTests;
			sourceTree = "<group>";
		};
		C71D5B2516ADBB9600C764B5 /* Supporting Files */ = {
			isa = PBXGroup;
			children = (
				C71D5B2616ADBB9600C764B5 /* HDWitnessTests-Info.plist */,
				C71D5B2716ADBB9600C764B5 /* InfoPlist.strings */,
			);
			name = "Supporting Files";
			sourceTree = "<group>";
		};
/* End PBXGroup section */

/* Begin PBXNativeTarget section */
		C71D5AEF16ADBB9600C764B5 /* HDWitness */ = {
			isa = PBXNativeTarget;
			buildConfigurationList = C71D5B2F16ADBB9600C764B5 /* Build configuration list for PBXNativeTarget "HDWitness" */;
			buildPhases = (
				C71D5AEC16ADBB9600C764B5 /* Sources */,
				C71D5AED16ADBB9600C764B5 /* Frameworks */,
				C71D5AEE16ADBB9600C764B5 /* Resources */,
				AE62E7FD64E64EFF95E8EAA5 /* Copy Pods Resources */,
				C7D38DB9171D8AEF00BDEFD3 /* ShellScript */,
			);
			buildRules = (
			);
			dependencies = (
			);
			name = HDWitness;
			productName = HDWitness;
			productReference = C71D5AF016ADBB9600C764B5 /* HDWitness.app */;
			productType = "com.apple.product-type.application";
		};
		C71D5B1C16ADBB9600C764B5 /* HDWitnessTests */ = {
			isa = PBXNativeTarget;
			buildConfigurationList = C71D5B3216ADBB9600C764B5 /* Build configuration list for PBXNativeTarget "HDWitnessTests" */;
			buildPhases = (
				C71D5B1816ADBB9600C764B5 /* Sources */,
				C71D5B1916ADBB9600C764B5 /* Frameworks */,
				C71D5B1A16ADBB9600C764B5 /* Resources */,
				C71D5B1B16ADBB9600C764B5 /* ShellScript */,
			);
			buildRules = (
			);
			dependencies = (
				C71D5B2316ADBB9600C764B5 /* PBXTargetDependency */,
			);
			name = HDWitnessTests;
			productName = HDWitnessTests;
			productReference = C71D5B1D16ADBB9600C764B5 /* HDWitnessTests.octest */;
			productType = "com.apple.product-type.bundle";
		};
/* End PBXNativeTarget section */

/* Begin PBXProject section */
		C71D5AE716ADBB9600C764B5 /* Project object */ = {
			isa = PBXProject;
			attributes = {
				CLASSPREFIX = HDW;
				LastUpgradeCheck = 0450;
				ORGANIZATIONNAME = "Ivan Vigasin";
			};
			buildConfigurationList = C71D5AEA16ADBB9600C764B5 /* Build configuration list for PBXProject "HDWitness" */;
			compatibilityVersion = "Xcode 3.2";
			developmentRegion = English;
			hasScannedForEncodings = 0;
			knownRegions = (
				en,
			);
			mainGroup = C71D5AE516ADBB9600C764B5;
			productRefGroup = C71D5AF116ADBB9600C764B5 /* Products */;
			projectDirPath = "";
			projectRoot = "";
			targets = (
				C71D5AEF16ADBB9600C764B5 /* HDWitness */,
				C71D5B1C16ADBB9600C764B5 /* HDWitnessTests */,
			);
		};
/* End PBXProject section */

/* Begin PBXResourcesBuildPhase section */
		C71D5AEE16ADBB9600C764B5 /* Resources */ = {
			isa = PBXResourcesBuildPhase;
			buildActionMask = 2147483647;
			files = (
				C71D5AFF16ADBB9600C764B5 /* InfoPlist.strings in Resources */,
				C71D5B0E16ADBB9600C764B5 /* MainStoryboard_iPhone.storyboard in Resources */,
				C71D5B1116ADBB9600C764B5 /* MainStoryboard_iPad.storyboard in Resources */,
				C744D1EB170090E900AC48C4 /* camera_offline.png in Resources */,
				C744D1F11704B4B700AC48C4 /* Default-568h@2x.png in Resources */,
				C7CCD4421705E16600BA30DF /* camera.png in Resources */,
				C7CCD4441705E3EA00BA30DF /* camera_unauthorized.png in Resources */,
				C734CB301705F70B003450BF /* server.png in Resources */,
				C734CB321705F714003450BF /* server_offline.png in Resources */,
				C7C673EC17098A8E002560E2 /* icon_57x57.png in Resources */,
				C7C673EE17098A9F002560E2 /* icon_114x114.png in Resources */,
				C7C673EF17098ACD002560E2 /* Default.png in Resources */,
				C7C673F017098AD9002560E2 /* Default@2x.png in Resources */,
				C7C673F317098AFF002560E2 /* icon_72x72.png in Resources */,
				C7C673F517098B08002560E2 /* icon_144x144.png in Resources */,
				C7C673F617098B1E002560E2 /* Default-Portrait~ipad.png in Resources */,
				C7C673F717098B25002560E2 /* Default-Portrait@2x~ipad.png in Resources */,
				C7C673F817098B30002560E2 /* Default-Landscape~ipad.png in Resources */,
				C7C673F917098B37002560E2 /* Default-Landscape@2x~ipad.png in Resources */,
				C7D38DB8171D83EC00BDEFD3 /* Settings.bundle in Resources */,
			);
			runOnlyForDeploymentPostprocessing = 0;
		};
		C71D5B1A16ADBB9600C764B5 /* Resources */ = {
			isa = PBXResourcesBuildPhase;
			buildActionMask = 2147483647;
			files = (
				C71D5B2916ADBB9600C764B5 /* InfoPlist.strings in Resources */,
			);
			runOnlyForDeploymentPostprocessing = 0;
		};
/* End PBXResourcesBuildPhase section */

/* Begin PBXShellScriptBuildPhase section */
		AE62E7FD64E64EFF95E8EAA5 /* Copy Pods Resources */ = {
			isa = PBXShellScriptBuildPhase;
			buildActionMask = 2147483647;
			files = (
			);
			inputPaths = (
			);
			name = "Copy Pods Resources";
			outputPaths = (
			);
			runOnlyForDeploymentPostprocessing = 0;
			shellPath = /bin/sh;
			shellScript = "\"${SRCROOT}/Pods/Pods-resources.sh\"\n";
		};
		C71D5B1B16ADBB9600C764B5 /* ShellScript */ = {
			isa = PBXShellScriptBuildPhase;
			buildActionMask = 2147483647;
			files = (
			);
			inputPaths = (
			);
			outputPaths = (
			);
			runOnlyForDeploymentPostprocessing = 0;
			shellPath = /bin/sh;
			shellScript = "# Run the unit tests in this test bundle.\n\"${SYSTEM_DEVELOPER_DIR}/Tools/RunUnitTests\"\n";
		};
		C7D38DB9171D8AEF00BDEFD3 /* ShellScript */ = {
			isa = PBXShellScriptBuildPhase;
			buildActionMask = 2147483647;
			files = (
			);
			inputPaths = (
			);
			outputPaths = (
			);
			runOnlyForDeploymentPostprocessing = 0;
			shellPath = /bin/sh;
			shellScript = "git_version=$(git log -1 --format=\"%h\")\ngit_branch=$(git symbolic-ref --short -q HEAD)\n\nbuild_time=$(date \"+%m/%d/%y %H:%M\")\n\ninfo_plist=\"${BUILT_PRODUCTS_DIR}/${EXECUTABLE_FOLDER_PATH}/Info.plist\"\nsettings_plist=\"${SRCROOT}/Settings.bundle/Root.plist\"\n\nCFBundleShortVersionString=$(/usr/libexec/PlistBuddy -c \"Print :CFBundleShortVersionString\" \"${info_plist}\")\nCFBundleVersion=\"$CFBundleShortVersionString ($git_version)\"\n\n/usr/libexec/PlistBuddy -c \"Set :CFBundleVersion '$CFBundleVersion'\" \"$info_plist\"\n/usr/libexec/PlistBuddy -c \"Add :BuildTime string '$build_time'\" \"$info_plist\"\n\n/usr/libexec/PlistBuddy -c \"Set :PreferenceSpecifiers:3:DefaultValue '${CFBundleVersion}'\" \"$settings_plist\"\n/usr/libexec/PlistBuddy -c \"Set :PreferenceSpecifiers:4:DefaultValue '$build_time'\" \"$settings_plist\"\n";
		};
/* End PBXShellScriptBuildPhase section */

/* Begin PBXSourcesBuildPhase section */
		C71D5AEC16ADBB9600C764B5 /* Sources */ = {
			isa = PBXSourcesBuildPhase;
			buildActionMask = 2147483647;
			files = (
				C71D5B0116ADBB9600C764B5 /* main.m in Sources */,
				C71D5B0516ADBB9600C764B5 /* HDWAppDelegate.m in Sources */,
				C71D5B1416ADBB9600C764B5 /* HDWMasterViewController.m in Sources */,
				C71D5B1716ADBB9600C764B5 /* HDWDetailViewController.m in Sources */,
				C7A6423016AF00F6005E16B4 /* HDWECSViewController.m in Sources */,
				C73B13BC16B6C53C007528C0 /* HDWCameraModel.m in Sources */,
				C7810ACF16BB1C5500670CD2 /* HDWCollectionViewCell.m in Sources */,
				C7A7DD0216F923D000659CF3 /* MotionJpegImageView.mm in Sources */,
				C7CAEBD416F9795200824E4B /* HDWVideoViewController.m in Sources */,
				C73910DE170B2346004C80DA /* NSString+Base64.m in Sources */,
				C7FEBFFE171C480800F808F9 /* HDWCalendarViewController.m in Sources */,
			);
			runOnlyForDeploymentPostprocessing = 0;
		};
		C71D5B1816ADBB9600C764B5 /* Sources */ = {
			isa = PBXSourcesBuildPhase;
			buildActionMask = 2147483647;
			files = (
				C71D5B2C16ADBB9600C764B5 /* HDWitnessTests.m in Sources */,
			);
			runOnlyForDeploymentPostprocessing = 0;
		};
/* End PBXSourcesBuildPhase section */

/* Begin PBXTargetDependency section */
		C71D5B2316ADBB9600C764B5 /* PBXTargetDependency */ = {
			isa = PBXTargetDependency;
			target = C71D5AEF16ADBB9600C764B5 /* HDWitness */;
			targetProxy = C71D5B2216ADBB9600C764B5 /* PBXContainerItemProxy */;
		};
/* End PBXTargetDependency section */

/* Begin PBXVariantGroup section */
		C71D5AFD16ADBB9600C764B5 /* InfoPlist.strings */ = {
			isa = PBXVariantGroup;
			children = (
				C71D5AFE16ADBB9600C764B5 /* en */,
			);
			name = InfoPlist.strings;
			sourceTree = "<group>";
		};
		C71D5B0C16ADBB9600C764B5 /* MainStoryboard_iPhone.storyboard */ = {
			isa = PBXVariantGroup;
			children = (
				C71D5B0D16ADBB9600C764B5 /* en */,
			);
			name = MainStoryboard_iPhone.storyboard;
			sourceTree = "<group>";
		};
		C71D5B0F16ADBB9600C764B5 /* MainStoryboard_iPad.storyboard */ = {
			isa = PBXVariantGroup;
			children = (
				C71D5B1016ADBB9600C764B5 /* en */,
			);
			name = MainStoryboard_iPad.storyboard;
			sourceTree = "<group>";
		};
		C71D5B2716ADBB9600C764B5 /* InfoPlist.strings */ = {
			isa = PBXVariantGroup;
			children = (
				C71D5B2816ADBB9600C764B5 /* en */,
			);
			name = InfoPlist.strings;
			sourceTree = "<group>";
		};
/* End PBXVariantGroup section */

/* Begin XCBuildConfiguration section */
		C71D5B2D16ADBB9600C764B5 /* Debug */ = {
			isa = XCBuildConfiguration;
			buildSettings = {
				ALWAYS_SEARCH_USER_PATHS = NO;
				CLANG_CXX_LANGUAGE_STANDARD = "gnu++0x";
				CLANG_CXX_LIBRARY = "libc++";
				CLANG_ENABLE_OBJC_ARC = YES;
				CLANG_WARN_EMPTY_BODY = YES;
				CLANG_WARN__DUPLICATE_METHOD_MATCH = YES;
				CODE_SIGN_IDENTITY = "iPhone Developer: Ivan Vigasin (3GLXZP7XXF)";
				"CODE_SIGN_IDENTITY[sdk=iphoneos*]" = "iPhone Developer";
				COPY_PHASE_STRIP = NO;
				GCC_C_LANGUAGE_STANDARD = gnu99;
				GCC_DYNAMIC_NO_PIC = NO;
				GCC_OPTIMIZATION_LEVEL = 0;
				GCC_PREPROCESSOR_DEFINITIONS = (
					"DEBUG=1",
					"$(inherited)",
				);
				GCC_SYMBOLS_PRIVATE_EXTERN = NO;
				GCC_WARN_ABOUT_RETURN_TYPE = YES;
				GCC_WARN_UNINITIALIZED_AUTOS = YES;
				GCC_WARN_UNUSED_VARIABLE = YES;
				IPHONEOS_DEPLOYMENT_TARGET = 5.0;
				ONLY_ACTIVE_ARCH = YES;
				PROVISIONING_PROFILE = "";
				SDKROOT = iphoneos;
				TARGETED_DEVICE_FAMILY = "1,2";
			};
			name = Debug;
		};
		C71D5B2E16ADBB9600C764B5 /* Release */ = {
			isa = XCBuildConfiguration;
			buildSettings = {
				ALWAYS_SEARCH_USER_PATHS = NO;
				CLANG_CXX_LANGUAGE_STANDARD = "gnu++0x";
				CLANG_CXX_LIBRARY = "libc++";
				CLANG_ENABLE_OBJC_ARC = YES;
				CLANG_WARN_EMPTY_BODY = YES;
				CLANG_WARN__DUPLICATE_METHOD_MATCH = YES;
				CODE_SIGN_IDENTITY = "iPhone Developer: Ivan Vigasin (3GLXZP7XXF)";
				"CODE_SIGN_IDENTITY[sdk=iphoneos*]" = "iPhone Developer";
				COPY_PHASE_STRIP = YES;
				GCC_C_LANGUAGE_STANDARD = gnu99;
				GCC_WARN_ABOUT_RETURN_TYPE = YES;
				GCC_WARN_UNINITIALIZED_AUTOS = YES;
				GCC_WARN_UNUSED_VARIABLE = YES;
				IPHONEOS_DEPLOYMENT_TARGET = 5.0;
				ONLY_ACTIVE_ARCH = NO;
				OTHER_CFLAGS = "-DNS_BLOCK_ASSERTIONS=1";
				PROVISIONING_PROFILE = "";
				SDKROOT = iphoneos;
				TARGETED_DEVICE_FAMILY = "1,2";
				VALIDATE_PRODUCT = YES;
			};
			name = Release;
		};
		C71D5B3016ADBB9600C764B5 /* Debug */ = {
			isa = XCBuildConfiguration;
			baseConfigurationReference = 018DC436ACF84B178179263A /* Pods.xcconfig */;
			buildSettings = {
				GCC_PRECOMPILE_PREFIX_HEADER = YES;
				GCC_PREFIX_HEADER = "HDWitness/HDWitness-Prefix.pch";
				INFOPLIST_FILE = "HDWitness/HDWitness-Info.plist";
				IPHONEOS_DEPLOYMENT_TARGET = 5.0;
				PRODUCT_NAME = "$(TARGET_NAME)";
				TARGETED_DEVICE_FAMILY = "1,2";
				WRAPPER_EXTENSION = app;
			};
			name = Debug;
		};
		C71D5B3116ADBB9600C764B5 /* Release */ = {
			isa = XCBuildConfiguration;
			baseConfigurationReference = 018DC436ACF84B178179263A /* Pods.xcconfig */;
			buildSettings = {
				GCC_PRECOMPILE_PREFIX_HEADER = YES;
				GCC_PREFIX_HEADER = "HDWitness/HDWitness-Prefix.pch";
				INFOPLIST_FILE = "HDWitness/HDWitness-Info.plist";
				IPHONEOS_DEPLOYMENT_TARGET = 5.0;
				PRODUCT_NAME = "$(TARGET_NAME)";
				TARGETED_DEVICE_FAMILY = "1,2";
				WRAPPER_EXTENSION = app;
			};
			name = Release;
		};
		C71D5B3316ADBB9600C764B5 /* Debug */ = {
			isa = XCBuildConfiguration;
			buildSettings = {
				BUNDLE_LOADER = "$(BUILT_PRODUCTS_DIR)/HDWitness.app/HDWitness";
				FRAMEWORK_SEARCH_PATHS = (
					"\"$(SDKROOT)/Developer/Library/Frameworks\"",
					"\"$(DEVELOPER_LIBRARY_DIR)/Frameworks\"",
				);
				GCC_PRECOMPILE_PREFIX_HEADER = YES;
				GCC_PREFIX_HEADER = "HDWitness/HDWitness-Prefix.pch";
				INFOPLIST_FILE = "HDWitnessTests/HDWitnessTests-Info.plist";
				PRODUCT_NAME = "$(TARGET_NAME)";
				TEST_HOST = "$(BUNDLE_LOADER)";
				WRAPPER_EXTENSION = octest;
			};
			name = Debug;
		};
		C71D5B3416ADBB9600C764B5 /* Release */ = {
			isa = XCBuildConfiguration;
			buildSettings = {
				BUNDLE_LOADER = "$(BUILT_PRODUCTS_DIR)/HDWitness.app/HDWitness";
				FRAMEWORK_SEARCH_PATHS = (
					"\"$(SDKROOT)/Developer/Library/Frameworks\"",
					"\"$(DEVELOPER_LIBRARY_DIR)/Frameworks\"",
				);
				GCC_PRECOMPILE_PREFIX_HEADER = YES;
				GCC_PREFIX_HEADER = "HDWitness/HDWitness-Prefix.pch";
				INFOPLIST_FILE = "HDWitnessTests/HDWitnessTests-Info.plist";
				PRODUCT_NAME = "$(TARGET_NAME)";
				TEST_HOST = "$(BUNDLE_LOADER)";
				WRAPPER_EXTENSION = octest;
			};
			name = Release;
		};
/* End XCBuildConfiguration section */

/* Begin XCConfigurationList section */
		C71D5AEA16ADBB9600C764B5 /* Build configuration list for PBXProject "HDWitness" */ = {
			isa = XCConfigurationList;
			buildConfigurations = (
				C71D5B2D16ADBB9600C764B5 /* Debug */,
				C71D5B2E16ADBB9600C764B5 /* Release */,
			);
			defaultConfigurationIsVisible = 0;
			defaultConfigurationName = Release;
		};
		C71D5B2F16ADBB9600C764B5 /* Build configuration list for PBXNativeTarget "HDWitness" */ = {
			isa = XCConfigurationList;
			buildConfigurations = (
				C71D5B3016ADBB9600C764B5 /* Debug */,
				C71D5B3116ADBB9600C764B5 /* Release */,
			);
			defaultConfigurationIsVisible = 0;
			defaultConfigurationName = Release;
		};
		C71D5B3216ADBB9600C764B5 /* Build configuration list for PBXNativeTarget "HDWitnessTests" */ = {
			isa = XCConfigurationList;
			buildConfigurations = (
				C71D5B3316ADBB9600C764B5 /* Debug */,
				C71D5B3416ADBB9600C764B5 /* Release */,
			);
			defaultConfigurationIsVisible = 0;
			defaultConfigurationName = Release;
		};
/* End XCConfigurationList section */
	};
	rootObject = C71D5AE716ADBB9600C764B5 /* Project object */;
}
