
Microsoft Visual Studio Solution File, Format Version 12.00
# Visual Studio 14
VisualStudioVersion = 14.0.24720.0
MinimumVisualStudioVersion = 10.0.40219.1
Project("{8BC9CEB8-8B4A-11D0-8D11-00A0C91BC942}") = "activex_client-x86", "${root.dir}\client\activex_client\src\activex_client-x86.vcxproj", "${axclient.guid}"
	ProjectSection(ProjectDependencies) = postProject
		${appserver2.guid} = ${appserver2.guid}
		${common.guid} = ${common.guid}
		${nx_audio.guid} = ${nx_audio.guid}
		${nx_client_desktop.guid} = ${nx_client_desktop.guid}
	EndProjectSection
EndProject
Project("{8BC9CEB8-8B4A-11D0-8D11-00A0C91BC942}") = "desktop_client-x86", "${root.dir}\client\desktop_client\src\desktop_client-x86.vcxproj", "${desktop_client.guid}"
	ProjectSection(ProjectDependencies) = postProject
		${appserver2.guid} = ${appserver2.guid}
		${common.guid} = ${common.guid}
		${nx_audio.guid} = ${nx_audio.guid}
		${nx_client_desktop.guid} = ${nx_client_desktop.guid}
	EndProjectSection
EndProject
Project("{8BC9CEB8-8B4A-11D0-8D11-00A0C91BC942}") = "nx_client_desktop-x86", "${root.dir}\client\nx_client_desktop\src\nx_client_desktop-x86.vcxproj", "${nx_client_desktop.guid}"
	ProjectSection(ProjectDependencies) = postProject
		${appserver2.guid} = ${appserver2.guid}
		${common.guid} = ${common.guid}
		${nx_audio.guid} = ${nx_audio.guid}
		${nx_client_core.guid} = ${nx_client_core.guid}
		${nx_speech_synthesizer.guid} = ${nx_speech_synthesizer.guid}
		${libvms_gateway_core.guid} = ${libvms_gateway_core.guid}
	EndProjectSection
EndProject
Project("{8BC9CEB8-8B4A-11D0-8D11-00A0C91BC942}") = "nx_client_core-x86", "${root.dir}\client\nx_client_core\src\nx_client_core-x86.vcxproj", "${nx_client_core.guid}"
	ProjectSection(ProjectDependencies) = postProject
		${appserver2.guid} = ${appserver2.guid}
		${common.guid} = ${common.guid}
		${nx_vms_utils.guid} = ${nx_vms_utils.guid}
		${nx_media.guid} = ${nx_media.guid}
	EndProjectSection
EndProject
Project("{8BC9CEB8-8B4A-11D0-8D11-00A0C91BC942}") = "common-x86", "${root.dir}\common\src\common-x86.vcxproj", "${common.guid}"
	ProjectSection(ProjectDependencies) = postProject
		${nx_fusion.guid} = ${nx_fusion.guid}
		${nx_utils.guid} = ${nx_utils.guid}
	EndProjectSection
EndProject
Project("{8BC9CEB8-8B4A-11D0-8D11-00A0C91BC942}") = "appserver2-x86", "${root.dir}\appserver2\src\appserver2-x86.vcxproj", "${appserver2.guid}"
	ProjectSection(ProjectDependencies) = postProject
		${common.guid} = ${common.guid}
		${nx_network.guid} = ${nx_network.guid}
		${nx_utils.guid} = ${nx_utils.guid}
	EndProjectSection
EndProject
Project("{8BC9CEB8-8B4A-11D0-8D11-00A0C91BC942}") = "udt-x86", "${root.dir}\common_libs\udt\src\udt-x86.vcxproj", "${udt.guid}"
EndProject
Project("{8BC9CEB8-8B4A-11D0-8D11-00A0C91BC942}") = "nx_audio-x86", "${root.dir}\common_libs\nx_audio\src\nx_audio-x86.vcxproj", "${nx_audio.guid}"
	ProjectSection(ProjectDependencies) = postProject
		${common.guid} = ${common.guid}
		${nx_utils.guid} = ${nx_utils.guid}
	EndProjectSection
EndProject
Project("{8BC9CEB8-8B4A-11D0-8D11-00A0C91BC942}") = "nx_speech_synthesizer-x86", "${root.dir}\common_libs\nx_speech_synthesizer\src\nx_speech_synthesizer-x86.vcxproj", "${nx_speech_synthesizer.guid}"
	ProjectSection(ProjectDependencies) = postProject
		${common.guid} = ${common.guid}
		${nx_utils.guid} = ${nx_utils.guid}
	EndProjectSection
EndProject
Project("{8BC9CEB8-8B4A-11D0-8D11-00A0C91BC942}") = "nx_media-x86", "${root.dir}\common_libs\nx_media\src\nx_media-x86.vcxproj", "${nx_media.guid}"
	ProjectSection(ProjectDependencies) = postProject
		${common.guid} = ${common.guid}
	EndProjectSection
EndProject
Project("{8BC9CEB8-8B4A-11D0-8D11-00A0C91BC942}") = "nx_network-x86", "${root.dir}\common_libs\nx_network\src\nx_network-x86.vcxproj", "${nx_network.guid}"
	ProjectSection(ProjectDependencies) = postProject
		${common.guid} = ${common.guid}
		${nx_utils.guid} = ${nx_utils.guid}
		${udt.guid} = ${udt.guid}
	EndProjectSection
EndProject
Project("{8BC9CEB8-8B4A-11D0-8D11-00A0C91BC942}") = "nx_fusion-x86", "${root.dir}\common_libs\nx_fusion\src\nx_fusion-x86.vcxproj", "${nx_fusion.guid}"
	ProjectSection(ProjectDependencies) = postProject
		${nx_utils.guid} = ${nx_utils.guid}
	EndProjectSection
EndProject
Project("{8BC9CEB8-8B4A-11D0-8D11-00A0C91BC942}") = "nx_vms_utils-x86", "${root.dir}\common_libs\nx_vms_utils\src\nx_vms_utils-x86.vcxproj", "${nx_vms_utils.guid}"
	ProjectSection(ProjectDependencies) = postProject
		${nx_utils.guid} = ${nx_utils.guid}
	EndProjectSection
EndProject
Project("{8BC9CEB8-8B4A-11D0-8D11-00A0C91BC942}") = "nx_utils-x86", "${root.dir}\common_libs\nx_utils\src\nx_utils-x86.vcxproj", "${nx_utils.guid}"
	ProjectSection(ProjectDependencies) = postProject
		${nx_kit.guid} = ${nx_kit.guid}
	EndProjectSection
EndProject
Project("{8BC9CEB8-8B4A-11D0-8D11-00A0C91BC942}") = "nx_kit-x86", "${root.dir}\nx_kit\src\nx_kit-x86.vcxproj", "${nx_kit.guid}"
	ProjectSection(ProjectDependencies) = postProject
	EndProjectSection
EndProject
Project("{8BC9CEB8-8B4A-11D0-8D11-00A0C91BC942}") = "libvms_gateway_core-x86", "${root.dir}\nx_cloud\libvms_gateway_core\src\libvms_gateway_core-x86.vcxproj", "${libvms_gateway_core.guid}"
	ProjectSection(ProjectDependencies) = postProject
		${cloud_db_client.guid} = ${cloud_db_client.guid}
	EndProjectSection
EndProject
Project("{8BC9CEB8-8B4A-11D0-8D11-00A0C91BC942}") = "cloud_db_client-x86", "${root.dir}\nx_cloud\cloud_db_client\src\cloud_db_client-x86.vcxproj", "${cloud_db_client.guid}"
	ProjectSection(ProjectDependencies) = postProject
		${nx_utils.guid} = ${nx_utils.guid}
		${nx_network.guid} = ${nx_network.guid}
	EndProjectSection
EndProject
Global
	GlobalSection(SolutionConfigurationPlatforms) = preSolution
		Debug|Win32 = Debug|Win32
		Release|Win32 = Release|Win32
	EndGlobalSection
	GlobalSection(ProjectConfigurationPlatforms) = postSolution
		${axclient.guid}.Debug|Win32.ActiveCfg = Debug|Win32
		${axclient.guid}.Debug|Win32.Build.0 = Debug|Win32
		${axclient.guid}.Release|Win32.ActiveCfg = Release|Win32
		${axclient.guid}.Release|Win32.Build.0 = Release|Win32    
		${desktop_client.guid}.Debug|Win32.ActiveCfg = Debug|Win32
		${desktop_client.guid}.Debug|Win32.Build.0 = Debug|Win32
		${desktop_client.guid}.Release|Win32.ActiveCfg = Release|Win32
		${desktop_client.guid}.Release|Win32.Build.0 = Release|Win32
		${nx_client_desktop.guid}.Debug|Win32.ActiveCfg = Debug|Win32
		${nx_client_desktop.guid}.Debug|Win32.Build.0 = Debug|Win32
		${nx_client_desktop.guid}.Release|Win32.ActiveCfg = Release|Win32
		${nx_client_desktop.guid}.Release|Win32.Build.0 = Release|Win32
		${nx_client_core.guid}.Debug|Win32.ActiveCfg = Debug|Win32
		${nx_client_core.guid}.Debug|Win32.Build.0 = Debug|Win32
		${nx_client_core.guid}.Release|Win32.ActiveCfg = Release|Win32
		${nx_client_core.guid}.Release|Win32.Build.0 = Release|Win32
		${common.guid}.Debug|Win32.ActiveCfg = Debug|Win32
		${common.guid}.Debug|Win32.Build.0 = Debug|Win32
		${common.guid}.Release|Win32.ActiveCfg = Release|Win32
		${common.guid}.Release|Win32.Build.0 = Release|Win32
		${appserver2.guid}.Debug|Win32.ActiveCfg = Debug|Win32
		${appserver2.guid}.Debug|Win32.Build.0 = Debug|Win32
		${appserver2.guid}.Release|Win32.ActiveCfg = Release|Win32
		${appserver2.guid}.Release|Win32.Build.0 = Release|Win32
		${nx_audio.guid}.Debug|Win32.ActiveCfg = Debug|Win32
		${nx_audio.guid}.Debug|Win32.Build.0 = Debug|Win32
		${nx_audio.guid}.Release|Win32.ActiveCfg = Release|Win32
		${nx_audio.guid}.Release|Win32.Build.0 = Release|Win32
		${nx_media.guid}.Debug|Win32.ActiveCfg = Debug|Win32
		${nx_media.guid}.Debug|Win32.Build.0 = Debug|Win32
		${nx_media.guid}.Release|Win32.ActiveCfg = Release|Win32
		${nx_media.guid}.Release|Win32.Build.0 = Release|Win32
		${nx_network.guid}.Debug|Win32.ActiveCfg = Debug|Win32
		${nx_network.guid}.Debug|Win32.Build.0 = Debug|Win32
		${nx_network.guid}.Release|Win32.ActiveCfg = Release|Win32
		${nx_network.guid}.Release|Win32.Build.0 = Release|Win32
		${udt.guid}.Debug|Win32.ActiveCfg = Debug|Win32
		${udt.guid}.Debug|Win32.Build.0 = Debug|Win32
		${udt.guid}.Release|Win32.ActiveCfg = Release|Win32
		${udt.guid}.Release|Win32.Build.0 = Release|Win32
		${nx_utils.guid}.Debug|Win32.ActiveCfg = Debug|Win32
		${nx_utils.guid}.Debug|Win32.Build.0 = Debug|Win32
		${nx_utils.guid}.Release|Win32.ActiveCfg = Release|Win32
		${nx_utils.guid}.Release|Win32.Build.0 = Release|Win32
		${nx_fusion.guid}.Debug|Win32.ActiveCfg = Debug|Win32
		${nx_fusion.guid}.Debug|Win32.Build.0 = Debug|Win32
		${nx_fusion.guid}.Release|Win32.ActiveCfg = Release|Win32
		${nx_fusion.guid}.Release|Win32.Build.0 = Release|Win32
		${nx_speech_synthesizer.guid}.Debug|Win32.ActiveCfg = Debug|Win32
		${nx_speech_synthesizer.guid}.Debug|Win32.Build.0 = Debug|Win32
		${nx_speech_synthesizer.guid}.Release|Win32.ActiveCfg = Release|Win32
		${nx_speech_synthesizer.guid}.Release|Win32.Build.0 = Release|Win32
		${nx_vms_utils.guid}.Debug|Win32.ActiveCfg = Debug|Win32
		${nx_vms_utils.guid}.Debug|Win32.Build.0 = Debug|Win32
		${nx_vms_utils.guid}.Release|Win32.ActiveCfg = Release|Win32
		${nx_vms_utils.guid}.Release|Win32.Build.0 = Release|Win32
		${cloud_db_client.guid}.Debug|Win32.ActiveCfg = Debug|Win32
		${cloud_db_client.guid}.Debug|Win32.Build.0 = Debug|Win32
		${cloud_db_client.guid}.Release|Win32.ActiveCfg = Release|Win32
		${cloud_db_client.guid}.Release|Win32.Build.0 = Release|Win32
		${libvms_gateway_core.guid}.Debug|Win32.ActiveCfg = Debug|Win32
		${libvms_gateway_core.guid}.Debug|Win32.Build.0 = Debug|Win32
		${libvms_gateway_core.guid}.Release|Win32.ActiveCfg = Release|Win32
		${libvms_gateway_core.guid}.Release|Win32.Build.0 = Release|Win32
	EndGlobalSection
	GlobalSection(SolutionProperties) = preSolution
		HideSolutionNode = FALSE
	EndGlobalSection
EndGlobal
